// !$*UTF8*$!
{
	archiveVersion = 1;
	classes = {
	};
	objectVersion = 56;
	objects = {

/* Begin PBXBuildFile section */
		459585D02AA610A20039C908 /* MythosApp.swift in Sources */ = {isa = PBXBuildFile; fileRef = 459585CF2AA610A20039C908 /* MythosApp.swift */; };
		459585D22AA610A20039C908 /* ContentView.swift in Sources */ = {isa = PBXBuildFile; fileRef = 459585D12AA610A20039C908 /* ContentView.swift */; };
		459585D42AA610A30039C908 /* Assets.xcassets in Resources */ = {isa = PBXBuildFile; fileRef = 459585D32AA610A30039C908 /* Assets.xcassets */; };
		459585D72AA610A30039C908 /* Preview Assets.xcassets in Resources */ = {isa = PBXBuildFile; fileRef = 459585D62AA610A30039C908 /* Preview Assets.xcassets */; };
		459585E12AA610A30039C908 /* MythosTests.swift in Sources */ = {isa = PBXBuildFile; fileRef = 459585E02AA610A30039C908 /* MythosTests.swift */; };
		459585EB2AA610A30039C908 /* MythosUITests.swift in Sources */ = {isa = PBXBuildFile; fileRef = 459585EA2AA610A30039C908 /* MythosUITests.swift */; };
		459585ED2AA610A30039C908 /* MythosUITestsLaunchTests.swift in Sources */ = {isa = PBXBuildFile; fileRef = 459585EC2AA610A30039C908 /* MythosUITestsLaunchTests.swift */; };
		459585FA2AA6143C0039C908 /* GameView.swift in Sources */ = {isa = PBXBuildFile; fileRef = 459585F92AA6143C0039C908 /* GameView.swift */; };
		4FBE72A12AB1DEC3002165FB /* DeckMock.swift in Sources */ = {isa = PBXBuildFile; fileRef = 4FBE72A02AB1DEC3002165FB /* DeckMock.swift */; };
		4FBE72A32AB1DF25002165FB /* Protocols.swift in Sources */ = {isa = PBXBuildFile; fileRef = 4FBE72A22AB1DF25002165FB /* Protocols.swift */; };
		64D788FC2AB484CC00394078 /* CardNode.swift in Sources */ = {isa = PBXBuildFile; fileRef = 64D788FB2AB484CC00394078 /* CardNode.swift */; };
		64FFCE722AA74C5F0090566B /* WebSocket.swift in Sources */ = {isa = PBXBuildFile; fileRef = 64FFCE712AA74C5F0090566B /* WebSocket.swift */; };
		64FFCE742AA7500E0090566B /* ClientSideView.swift in Sources */ = {isa = PBXBuildFile; fileRef = 64FFCE732AA7500E0090566B /* ClientSideView.swift */; };
		64FFCE762AA76B010090566B /* Card.swift in Sources */ = {isa = PBXBuildFile; fileRef = 64FFCE752AA76B010090566B /* Card.swift */; };
		64FFCE782AA8B0A80090566B /* DataWrapper.swift in Sources */ = {isa = PBXBuildFile; fileRef = 64FFCE772AA8B0A80090566B /* DataWrapper.swift */; };
		DD6D18662AB8784F004B02AA /* HomeView.swift in Sources */ = {isa = PBXBuildFile; fileRef = DD6D18652AB8784F004B02AA /* HomeView.swift */; };
		DD6D18682AB87872004B02AA /* WaitingRoomView.swift in Sources */ = {isa = PBXBuildFile; fileRef = DD6D18672AB87872004B02AA /* WaitingRoomView.swift */; };
		DD6D186B2AB88352004B02AA /* PlayButtonView.swift in Sources */ = {isa = PBXBuildFile; fileRef = DD6D186A2AB88352004B02AA /* PlayButtonView.swift */; };
		DD6D186F2AB88506004B02AA /* InventoryButtonView.swift in Sources */ = {isa = PBXBuildFile; fileRef = DD6D186E2AB88506004B02AA /* InventoryButtonView.swift */; };
		DD6D18712AB8857A004B02AA /* UserButtonView.swift in Sources */ = {isa = PBXBuildFile; fileRef = DD6D18702AB8857A004B02AA /* UserButtonView.swift */; };
		DD6D18742AB8898E004B02AA /* CoinsView.swift in Sources */ = {isa = PBXBuildFile; fileRef = DD6D18732AB8898E004B02AA /* CoinsView.swift */; };
		DD6D18762AB889F2004B02AA /* ConfigButtonView.swift in Sources */ = {isa = PBXBuildFile; fileRef = DD6D18752AB889F2004B02AA /* ConfigButtonView.swift */; };
		DD6D18782AB88A8D004B02AA /* StoreButtonView.swift in Sources */ = {isa = PBXBuildFile; fileRef = DD6D18772AB88A8D004B02AA /* StoreButtonView.swift */; };
		DD6D187A2AB88B26004B02AA /* StoreView.swift in Sources */ = {isa = PBXBuildFile; fileRef = DD6D18792AB88B26004B02AA /* StoreView.swift */; };
		DD6D187C2AB88B33004B02AA /* ConfigurationView.swift in Sources */ = {isa = PBXBuildFile; fileRef = DD6D187B2AB88B33004B02AA /* ConfigurationView.swift */; };
		DD6D187E2AB88B41004B02AA /* InventoryView.swift in Sources */ = {isa = PBXBuildFile; fileRef = DD6D187D2AB88B41004B02AA /* InventoryView.swift */; };
		DD6D18802AB88DA3004B02AA /* ProfileView.swift in Sources */ = {isa = PBXBuildFile; fileRef = DD6D187F2AB88DA3004B02AA /* ProfileView.swift */; };
		DD6D18AA2ABDBF0A004B02AA /* CustomToolbarView.swift in Sources */ = {isa = PBXBuildFile; fileRef = DD6D18A92ABDBF0A004B02AA /* CustomToolbarView.swift */; };
		DD6D18AC2ABDBF37004B02AA /* BackButtonView.swift in Sources */ = {isa = PBXBuildFile; fileRef = DD6D18AB2ABDBF37004B02AA /* BackButtonView.swift */; };
		DD6D18AE2ABDBF93004B02AA /* ConnectedPlayersView.swift in Sources */ = {isa = PBXBuildFile; fileRef = DD6D18AD2ABDBF93004B02AA /* ConnectedPlayersView.swift */; };
/* End PBXBuildFile section */

/* Begin PBXContainerItemProxy section */
		459585DD2AA610A30039C908 /* PBXContainerItemProxy */ = {
			isa = PBXContainerItemProxy;
			containerPortal = 459585C42AA610A20039C908 /* Project object */;
			proxyType = 1;
			remoteGlobalIDString = 459585CB2AA610A20039C908;
			remoteInfo = Mythos;
		};
		459585E72AA610A30039C908 /* PBXContainerItemProxy */ = {
			isa = PBXContainerItemProxy;
			containerPortal = 459585C42AA610A20039C908 /* Project object */;
			proxyType = 1;
			remoteGlobalIDString = 459585CB2AA610A20039C908;
			remoteInfo = Mythos;
		};
/* End PBXContainerItemProxy section */

/* Begin PBXFileReference section */
		459585CC2AA610A20039C908 /* Mythos.app */ = {isa = PBXFileReference; explicitFileType = wrapper.application; includeInIndex = 0; path = Mythos.app; sourceTree = BUILT_PRODUCTS_DIR; };
		459585CF2AA610A20039C908 /* MythosApp.swift */ = {isa = PBXFileReference; lastKnownFileType = sourcecode.swift; path = MythosApp.swift; sourceTree = "<group>"; };
		459585D12AA610A20039C908 /* ContentView.swift */ = {isa = PBXFileReference; lastKnownFileType = sourcecode.swift; path = ContentView.swift; sourceTree = "<group>"; };
		459585D32AA610A30039C908 /* Assets.xcassets */ = {isa = PBXFileReference; lastKnownFileType = folder.assetcatalog; path = Assets.xcassets; sourceTree = "<group>"; };
		459585D62AA610A30039C908 /* Preview Assets.xcassets */ = {isa = PBXFileReference; lastKnownFileType = folder.assetcatalog; path = "Preview Assets.xcassets"; sourceTree = "<group>"; };
		459585DC2AA610A30039C908 /* MythosTests.xctest */ = {isa = PBXFileReference; explicitFileType = wrapper.cfbundle; includeInIndex = 0; path = MythosTests.xctest; sourceTree = BUILT_PRODUCTS_DIR; };
		459585E02AA610A30039C908 /* MythosTests.swift */ = {isa = PBXFileReference; lastKnownFileType = sourcecode.swift; path = MythosTests.swift; sourceTree = "<group>"; };
		459585E62AA610A30039C908 /* MythosUITests.xctest */ = {isa = PBXFileReference; explicitFileType = wrapper.cfbundle; includeInIndex = 0; path = MythosUITests.xctest; sourceTree = BUILT_PRODUCTS_DIR; };
		459585EA2AA610A30039C908 /* MythosUITests.swift */ = {isa = PBXFileReference; lastKnownFileType = sourcecode.swift; path = MythosUITests.swift; sourceTree = "<group>"; };
		459585EC2AA610A30039C908 /* MythosUITestsLaunchTests.swift */ = {isa = PBXFileReference; lastKnownFileType = sourcecode.swift; path = MythosUITestsLaunchTests.swift; sourceTree = "<group>"; };
		459585F92AA6143C0039C908 /* GameView.swift */ = {isa = PBXFileReference; lastKnownFileType = sourcecode.swift; path = GameView.swift; sourceTree = "<group>"; };
		4FBE72A02AB1DEC3002165FB /* DeckMock.swift */ = {isa = PBXFileReference; lastKnownFileType = sourcecode.swift; path = DeckMock.swift; sourceTree = "<group>"; };
		4FBE72A22AB1DF25002165FB /* Protocols.swift */ = {isa = PBXFileReference; lastKnownFileType = sourcecode.swift; path = Protocols.swift; sourceTree = "<group>"; };
		64D788FB2AB484CC00394078 /* CardNode.swift */ = {isa = PBXFileReference; lastKnownFileType = sourcecode.swift; path = CardNode.swift; sourceTree = "<group>"; };
		64FFCE712AA74C5F0090566B /* WebSocket.swift */ = {isa = PBXFileReference; lastKnownFileType = sourcecode.swift; path = WebSocket.swift; sourceTree = "<group>"; };
		64FFCE732AA7500E0090566B /* ClientSideView.swift */ = {isa = PBXFileReference; lastKnownFileType = sourcecode.swift; path = ClientSideView.swift; sourceTree = "<group>"; };
		64FFCE752AA76B010090566B /* Card.swift */ = {isa = PBXFileReference; lastKnownFileType = sourcecode.swift; path = Card.swift; sourceTree = "<group>"; };
		64FFCE772AA8B0A80090566B /* DataWrapper.swift */ = {isa = PBXFileReference; lastKnownFileType = sourcecode.swift; path = DataWrapper.swift; sourceTree = "<group>"; };
		DD6D18652AB8784F004B02AA /* HomeView.swift */ = {isa = PBXFileReference; lastKnownFileType = sourcecode.swift; path = HomeView.swift; sourceTree = "<group>"; };
		DD6D18672AB87872004B02AA /* WaitingRoomView.swift */ = {isa = PBXFileReference; lastKnownFileType = sourcecode.swift; path = WaitingRoomView.swift; sourceTree = "<group>"; };
		DD6D186A2AB88352004B02AA /* PlayButtonView.swift */ = {isa = PBXFileReference; lastKnownFileType = sourcecode.swift; path = PlayButtonView.swift; sourceTree = "<group>"; };
		DD6D186E2AB88506004B02AA /* InventoryButtonView.swift */ = {isa = PBXFileReference; lastKnownFileType = sourcecode.swift; path = InventoryButtonView.swift; sourceTree = "<group>"; };
		DD6D18702AB8857A004B02AA /* UserButtonView.swift */ = {isa = PBXFileReference; lastKnownFileType = sourcecode.swift; path = UserButtonView.swift; sourceTree = "<group>"; };
		DD6D18732AB8898E004B02AA /* CoinsView.swift */ = {isa = PBXFileReference; lastKnownFileType = sourcecode.swift; path = CoinsView.swift; sourceTree = "<group>"; };
		DD6D18752AB889F2004B02AA /* ConfigButtonView.swift */ = {isa = PBXFileReference; lastKnownFileType = sourcecode.swift; path = ConfigButtonView.swift; sourceTree = "<group>"; };
		DD6D18772AB88A8D004B02AA /* StoreButtonView.swift */ = {isa = PBXFileReference; lastKnownFileType = sourcecode.swift; path = StoreButtonView.swift; sourceTree = "<group>"; };
		DD6D18792AB88B26004B02AA /* StoreView.swift */ = {isa = PBXFileReference; lastKnownFileType = sourcecode.swift; path = StoreView.swift; sourceTree = "<group>"; };
		DD6D187B2AB88B33004B02AA /* ConfigurationView.swift */ = {isa = PBXFileReference; lastKnownFileType = sourcecode.swift; path = ConfigurationView.swift; sourceTree = "<group>"; };
		DD6D187D2AB88B41004B02AA /* InventoryView.swift */ = {isa = PBXFileReference; lastKnownFileType = sourcecode.swift; path = InventoryView.swift; sourceTree = "<group>"; };
		DD6D187F2AB88DA3004B02AA /* ProfileView.swift */ = {isa = PBXFileReference; lastKnownFileType = sourcecode.swift; path = ProfileView.swift; sourceTree = "<group>"; };
		DD6D18A92ABDBF0A004B02AA /* CustomToolbarView.swift */ = {isa = PBXFileReference; lastKnownFileType = sourcecode.swift; path = CustomToolbarView.swift; sourceTree = "<group>"; };
		DD6D18AB2ABDBF37004B02AA /* BackButtonView.swift */ = {isa = PBXFileReference; lastKnownFileType = sourcecode.swift; path = BackButtonView.swift; sourceTree = "<group>"; };
		DD6D18AD2ABDBF93004B02AA /* ConnectedPlayersView.swift */ = {isa = PBXFileReference; lastKnownFileType = sourcecode.swift; name = ConnectedPlayersView.swift; path = Mythos/View/HUD/ConnectedPlayersView.swift; sourceTree = SOURCE_ROOT; };
/* End PBXFileReference section */

/* Begin PBXFrameworksBuildPhase section */
		459585C92AA610A20039C908 /* Frameworks */ = {
			isa = PBXFrameworksBuildPhase;
			buildActionMask = 2147483647;
			files = (
			);
			runOnlyForDeploymentPostprocessing = 0;
		};
		459585D92AA610A30039C908 /* Frameworks */ = {
			isa = PBXFrameworksBuildPhase;
			buildActionMask = 2147483647;
			files = (
			);
			runOnlyForDeploymentPostprocessing = 0;
		};
		459585E32AA610A30039C908 /* Frameworks */ = {
			isa = PBXFrameworksBuildPhase;
			buildActionMask = 2147483647;
			files = (
			);
			runOnlyForDeploymentPostprocessing = 0;
		};
/* End PBXFrameworksBuildPhase section */

/* Begin PBXGroup section */
		459585C32AA610A20039C908 = {
			isa = PBXGroup;
			children = (
				459585CE2AA610A20039C908 /* Mythos */,
				459585DF2AA610A30039C908 /* MythosTests */,
				459585E92AA610A30039C908 /* MythosUITests */,
				459585CD2AA610A20039C908 /* Products */,
			);
			sourceTree = "<group>";
		};
		459585CD2AA610A20039C908 /* Products */ = {
			isa = PBXGroup;
			children = (
				459585CC2AA610A20039C908 /* Mythos.app */,
				459585DC2AA610A30039C908 /* MythosTests.xctest */,
				459585E62AA610A30039C908 /* MythosUITests.xctest */,
			);
			name = Products;
			sourceTree = "<group>";
		};
		459585CE2AA610A20039C908 /* Mythos */ = {
			isa = PBXGroup;
			children = (
				64FFCE792AA8B45F0090566B /* View */,
				64FFCE7A2AA8B4750090566B /* Model */,
				459585D32AA610A30039C908 /* Assets.xcassets */,
				459585D52AA610A30039C908 /* Preview Content */,
			);
			path = Mythos;
			sourceTree = "<group>";
		};
		459585D52AA610A30039C908 /* Preview Content */ = {
			isa = PBXGroup;
			children = (
				459585D62AA610A30039C908 /* Preview Assets.xcassets */,
			);
			path = "Preview Content";
			sourceTree = "<group>";
		};
		459585DF2AA610A30039C908 /* MythosTests */ = {
			isa = PBXGroup;
			children = (
				459585E02AA610A30039C908 /* MythosTests.swift */,
			);
			path = MythosTests;
			sourceTree = "<group>";
		};
		459585E92AA610A30039C908 /* MythosUITests */ = {
			isa = PBXGroup;
			children = (
				459585EA2AA610A30039C908 /* MythosUITests.swift */,
				459585EC2AA610A30039C908 /* MythosUITestsLaunchTests.swift */,
			);
			path = MythosUITests;
			sourceTree = "<group>";
		};
		64FFCE792AA8B45F0090566B /* View */ = {
			isa = PBXGroup;
			children = (
				DD6D18722AB88940004B02AA /* HUD */,
				DD6D18892AB8926C004B02AA /* ProfileView */,
				DD6D18882AB89249004B02AA /* InventoryView */,
				DD6D18872AB8923D004B02AA /* ConfigurationView */,
				DD6D18852AB8919A004B02AA /* StoreView */,
				DD6D18832AB8917B004B02AA /* WaitingRoomView */,
				DD6D18812AB8913C004B02AA /* HomeView */,
				459585CF2AA610A20039C908 /* MythosApp.swift */,
				459585D12AA610A20039C908 /* ContentView.swift */,
				64FFCE732AA7500E0090566B /* ClientSideView.swift */,
				459585F92AA6143C0039C908 /* GameView.swift */,
				64D788FB2AB484CC00394078 /* CardNode.swift */,
			);
			path = View;
			sourceTree = "<group>";
		};
		64FFCE7A2AA8B4750090566B /* Model */ = {
			isa = PBXGroup;
			children = (
				64FFCE712AA74C5F0090566B /* WebSocket.swift */,
				64FFCE752AA76B010090566B /* Card.swift */,
				4FBE72A22AB1DF25002165FB /* Protocols.swift */,
				4FBE72A02AB1DEC3002165FB /* DeckMock.swift */,
				64FFCE772AA8B0A80090566B /* DataWrapper.swift */,
			);
			path = Model;
			sourceTree = "<group>";
		};
		DD6D18692AB88221004B02AA /* Components */ = {
			isa = PBXGroup;
			children = (
				DD6D186C2AB883DE004B02AA /* Buttons */,
			);
			path = Components;
			sourceTree = "<group>";
		};
		DD6D186C2AB883DE004B02AA /* Buttons */ = {
			isa = PBXGroup;
			children = (
				DD6D186A2AB88352004B02AA /* PlayButtonView.swift */,
				DD6D186E2AB88506004B02AA /* InventoryButtonView.swift */,
				DD6D18702AB8857A004B02AA /* UserButtonView.swift */,
				DD6D18752AB889F2004B02AA /* ConfigButtonView.swift */,
				DD6D18772AB88A8D004B02AA /* StoreButtonView.swift */,
			);
			path = Buttons;
			sourceTree = "<group>";
		};
		DD6D18722AB88940004B02AA /* HUD */ = {
			isa = PBXGroup;
			children = (
				DD6D18732AB8898E004B02AA /* CoinsView.swift */,
				DD6D18A92ABDBF0A004B02AA /* CustomToolbarView.swift */,
				DD6D18AB2ABDBF37004B02AA /* BackButtonView.swift */,
			);
			path = HUD;
			sourceTree = "<group>";
		};
		DD6D18812AB8913C004B02AA /* HomeView */ = {
			isa = PBXGroup;
			children = (
				DD6D18652AB8784F004B02AA /* HomeView.swift */,
				DD6D18692AB88221004B02AA /* Components */,
			);
			path = HomeView;
			sourceTree = "<group>";
		};
		DD6D18832AB8917B004B02AA /* WaitingRoomView */ = {
			isa = PBXGroup;
			children = (
				DD6D18842AB8918C004B02AA /* Components */,
				DD6D18672AB87872004B02AA /* WaitingRoomView.swift */,
			);
			path = WaitingRoomView;
			sourceTree = "<group>";
		};
		DD6D18842AB8918C004B02AA /* Components */ = {
			isa = PBXGroup;
			children = (
				DD6D18AD2ABDBF93004B02AA /* ConnectedPlayersView.swift */,
			);
			path = Components;
			sourceTree = "<group>";
		};
		DD6D18852AB8919A004B02AA /* StoreView */ = {
			isa = PBXGroup;
			children = (
				DD6D18792AB88B26004B02AA /* StoreView.swift */,
				DD6D18862AB891A3004B02AA /* Components */,
			);
			path = StoreView;
			sourceTree = "<group>";
		};
		DD6D18862AB891A3004B02AA /* Components */ = {
			isa = PBXGroup;
			children = (
			);
			path = Components;
			sourceTree = "<group>";
		};
		DD6D18872AB8923D004B02AA /* ConfigurationView */ = {
			isa = PBXGroup;
			children = (
				DD6D188A2AB89280004B02AA /* Components */,
				DD6D187B2AB88B33004B02AA /* ConfigurationView.swift */,
			);
			path = ConfigurationView;
			sourceTree = "<group>";
		};
		DD6D18882AB89249004B02AA /* InventoryView */ = {
			isa = PBXGroup;
			children = (
				DD6D188B2AB89288004B02AA /* Components */,
				DD6D187D2AB88B41004B02AA /* InventoryView.swift */,
			);
			path = InventoryView;
			sourceTree = "<group>";
		};
		DD6D18892AB8926C004B02AA /* ProfileView */ = {
			isa = PBXGroup;
			children = (
				DD6D188C2AB89291004B02AA /* Components */,
				DD6D187F2AB88DA3004B02AA /* ProfileView.swift */,
			);
			path = ProfileView;
			sourceTree = "<group>";
		};
		DD6D188A2AB89280004B02AA /* Components */ = {
			isa = PBXGroup;
			children = (
			);
			path = Components;
			sourceTree = "<group>";
		};
		DD6D188B2AB89288004B02AA /* Components */ = {
			isa = PBXGroup;
			children = (
			);
			path = Components;
			sourceTree = "<group>";
		};
		DD6D188C2AB89291004B02AA /* Components */ = {
			isa = PBXGroup;
			children = (
			);
			path = Components;
			sourceTree = "<group>";
		};
/* End PBXGroup section */

/* Begin PBXNativeTarget section */
		459585CB2AA610A20039C908 /* Mythos */ = {
			isa = PBXNativeTarget;
			buildConfigurationList = 459585F02AA610A30039C908 /* Build configuration list for PBXNativeTarget "Mythos" */;
			buildPhases = (
				459585C82AA610A20039C908 /* Sources */,
				459585C92AA610A20039C908 /* Frameworks */,
				459585CA2AA610A20039C908 /* Resources */,
			);
			buildRules = (
			);
			dependencies = (
			);
			name = Mythos;
			productName = Mythos;
			productReference = 459585CC2AA610A20039C908 /* Mythos.app */;
			productType = "com.apple.product-type.application";
		};
		459585DB2AA610A30039C908 /* MythosTests */ = {
			isa = PBXNativeTarget;
			buildConfigurationList = 459585F32AA610A30039C908 /* Build configuration list for PBXNativeTarget "MythosTests" */;
			buildPhases = (
				459585D82AA610A30039C908 /* Sources */,
				459585D92AA610A30039C908 /* Frameworks */,
				459585DA2AA610A30039C908 /* Resources */,
			);
			buildRules = (
			);
			dependencies = (
				459585DE2AA610A30039C908 /* PBXTargetDependency */,
			);
			name = MythosTests;
			productName = MythosTests;
			productReference = 459585DC2AA610A30039C908 /* MythosTests.xctest */;
			productType = "com.apple.product-type.bundle.unit-test";
		};
		459585E52AA610A30039C908 /* MythosUITests */ = {
			isa = PBXNativeTarget;
			buildConfigurationList = 459585F62AA610A30039C908 /* Build configuration list for PBXNativeTarget "MythosUITests" */;
			buildPhases = (
				459585E22AA610A30039C908 /* Sources */,
				459585E32AA610A30039C908 /* Frameworks */,
				459585E42AA610A30039C908 /* Resources */,
			);
			buildRules = (
			);
			dependencies = (
				459585E82AA610A30039C908 /* PBXTargetDependency */,
			);
			name = MythosUITests;
			productName = MythosUITests;
			productReference = 459585E62AA610A30039C908 /* MythosUITests.xctest */;
			productType = "com.apple.product-type.bundle.ui-testing";
		};
/* End PBXNativeTarget section */

/* Begin PBXProject section */
		459585C42AA610A20039C908 /* Project object */ = {
			isa = PBXProject;
			attributes = {
				BuildIndependentTargetsInParallel = 1;
				LastSwiftUpdateCheck = 1430;
				LastUpgradeCheck = 1430;
				TargetAttributes = {
					459585CB2AA610A20039C908 = {
						CreatedOnToolsVersion = 14.3.1;
					};
					459585DB2AA610A30039C908 = {
						CreatedOnToolsVersion = 14.3.1;
						TestTargetID = 459585CB2AA610A20039C908;
					};
					459585E52AA610A30039C908 = {
						CreatedOnToolsVersion = 14.3.1;
						TestTargetID = 459585CB2AA610A20039C908;
					};
				};
			};
			buildConfigurationList = 459585C72AA610A20039C908 /* Build configuration list for PBXProject "Mythos" */;
			compatibilityVersion = "Xcode 14.0";
			developmentRegion = en;
			hasScannedForEncodings = 0;
			knownRegions = (
				en,
				Base,
			);
			mainGroup = 459585C32AA610A20039C908;
			productRefGroup = 459585CD2AA610A20039C908 /* Products */;
			projectDirPath = "";
			projectRoot = "";
			targets = (
				459585CB2AA610A20039C908 /* Mythos */,
				459585DB2AA610A30039C908 /* MythosTests */,
				459585E52AA610A30039C908 /* MythosUITests */,
			);
		};
/* End PBXProject section */

/* Begin PBXResourcesBuildPhase section */
		459585CA2AA610A20039C908 /* Resources */ = {
			isa = PBXResourcesBuildPhase;
			buildActionMask = 2147483647;
			files = (
				459585D72AA610A30039C908 /* Preview Assets.xcassets in Resources */,
				459585D42AA610A30039C908 /* Assets.xcassets in Resources */,
			);
			runOnlyForDeploymentPostprocessing = 0;
		};
		459585DA2AA610A30039C908 /* Resources */ = {
			isa = PBXResourcesBuildPhase;
			buildActionMask = 2147483647;
			files = (
			);
			runOnlyForDeploymentPostprocessing = 0;
		};
		459585E42AA610A30039C908 /* Resources */ = {
			isa = PBXResourcesBuildPhase;
			buildActionMask = 2147483647;
			files = (
			);
			runOnlyForDeploymentPostprocessing = 0;
		};
/* End PBXResourcesBuildPhase section */

/* Begin PBXSourcesBuildPhase section */
		459585C82AA610A20039C908 /* Sources */ = {
			isa = PBXSourcesBuildPhase;
			buildActionMask = 2147483647;
			files = (
				DD6D186B2AB88352004B02AA /* PlayButtonView.swift in Sources */,
				459585D22AA610A20039C908 /* ContentView.swift in Sources */,
				DD6D18742AB8898E004B02AA /* CoinsView.swift in Sources */,
				DD6D186F2AB88506004B02AA /* InventoryButtonView.swift in Sources */,
				64FFCE762AA76B010090566B /* Card.swift in Sources */,
				4FBE72A12AB1DEC3002165FB /* DeckMock.swift in Sources */,
				DD6D18782AB88A8D004B02AA /* StoreButtonView.swift in Sources */,
				DD6D18662AB8784F004B02AA /* HomeView.swift in Sources */,
				4FBE72A32AB1DF25002165FB /* Protocols.swift in Sources */,
				64FFCE782AA8B0A80090566B /* DataWrapper.swift in Sources */,
				DD6D18682AB87872004B02AA /* WaitingRoomView.swift in Sources */,
				DD6D187E2AB88B41004B02AA /* InventoryView.swift in Sources */,
				64FFCE742AA7500E0090566B /* ClientSideView.swift in Sources */,
				DD6D18AE2ABDBF93004B02AA /* ConnectedPlayersView.swift in Sources */,
				64FFCE722AA74C5F0090566B /* WebSocket.swift in Sources */,
				64D788FC2AB484CC00394078 /* CardNode.swift in Sources */,
				DD6D18AA2ABDBF0A004B02AA /* CustomToolbarView.swift in Sources */,
				DD6D18762AB889F2004B02AA /* ConfigButtonView.swift in Sources */,
				459585FA2AA6143C0039C908 /* GameView.swift in Sources */,
				459585D02AA610A20039C908 /* MythosApp.swift in Sources */,
				DD6D187C2AB88B33004B02AA /* ConfigurationView.swift in Sources */,
				DD6D187A2AB88B26004B02AA /* StoreView.swift in Sources */,
				DD6D18802AB88DA3004B02AA /* ProfileView.swift in Sources */,
				DD6D18712AB8857A004B02AA /* UserButtonView.swift in Sources */,
				DD6D18AC2ABDBF37004B02AA /* BackButtonView.swift in Sources */,
			);
			runOnlyForDeploymentPostprocessing = 0;
		};
		459585D82AA610A30039C908 /* Sources */ = {
			isa = PBXSourcesBuildPhase;
			buildActionMask = 2147483647;
			files = (
				459585E12AA610A30039C908 /* MythosTests.swift in Sources */,
			);
			runOnlyForDeploymentPostprocessing = 0;
		};
		459585E22AA610A30039C908 /* Sources */ = {
			isa = PBXSourcesBuildPhase;
			buildActionMask = 2147483647;
			files = (
				459585ED2AA610A30039C908 /* MythosUITestsLaunchTests.swift in Sources */,
				459585EB2AA610A30039C908 /* MythosUITests.swift in Sources */,
			);
			runOnlyForDeploymentPostprocessing = 0;
		};
/* End PBXSourcesBuildPhase section */

/* Begin PBXTargetDependency section */
		459585DE2AA610A30039C908 /* PBXTargetDependency */ = {
			isa = PBXTargetDependency;
			target = 459585CB2AA610A20039C908 /* Mythos */;
			targetProxy = 459585DD2AA610A30039C908 /* PBXContainerItemProxy */;
		};
		459585E82AA610A30039C908 /* PBXTargetDependency */ = {
			isa = PBXTargetDependency;
			target = 459585CB2AA610A20039C908 /* Mythos */;
			targetProxy = 459585E72AA610A30039C908 /* PBXContainerItemProxy */;
		};
/* End PBXTargetDependency section */

/* Begin XCBuildConfiguration section */
		459585EE2AA610A30039C908 /* Debug */ = {
			isa = XCBuildConfiguration;
			buildSettings = {
				ALWAYS_SEARCH_USER_PATHS = NO;
				CLANG_ANALYZER_NONNULL = YES;
				CLANG_ANALYZER_NUMBER_OBJECT_CONVERSION = YES_AGGRESSIVE;
				CLANG_CXX_LANGUAGE_STANDARD = "gnu++20";
				CLANG_ENABLE_MODULES = YES;
				CLANG_ENABLE_OBJC_ARC = YES;
				CLANG_ENABLE_OBJC_WEAK = YES;
				CLANG_WARN_BLOCK_CAPTURE_AUTORELEASING = YES;
				CLANG_WARN_BOOL_CONVERSION = YES;
				CLANG_WARN_COMMA = YES;
				CLANG_WARN_CONSTANT_CONVERSION = YES;
				CLANG_WARN_DEPRECATED_OBJC_IMPLEMENTATIONS = YES;
				CLANG_WARN_DIRECT_OBJC_ISA_USAGE = YES_ERROR;
				CLANG_WARN_DOCUMENTATION_COMMENTS = YES;
				CLANG_WARN_EMPTY_BODY = YES;
				CLANG_WARN_ENUM_CONVERSION = YES;
				CLANG_WARN_INFINITE_RECURSION = YES;
				CLANG_WARN_INT_CONVERSION = YES;
				CLANG_WARN_NON_LITERAL_NULL_CONVERSION = YES;
				CLANG_WARN_OBJC_IMPLICIT_RETAIN_SELF = YES;
				CLANG_WARN_OBJC_LITERAL_CONVERSION = YES;
				CLANG_WARN_OBJC_ROOT_CLASS = YES_ERROR;
				CLANG_WARN_QUOTED_INCLUDE_IN_FRAMEWORK_HEADER = YES;
				CLANG_WARN_RANGE_LOOP_ANALYSIS = YES;
				CLANG_WARN_STRICT_PROTOTYPES = YES;
				CLANG_WARN_SUSPICIOUS_MOVE = YES;
				CLANG_WARN_UNGUARDED_AVAILABILITY = YES_AGGRESSIVE;
				CLANG_WARN_UNREACHABLE_CODE = YES;
				CLANG_WARN__DUPLICATE_METHOD_MATCH = YES;
				COPY_PHASE_STRIP = NO;
				DEBUG_INFORMATION_FORMAT = dwarf;
				ENABLE_STRICT_OBJC_MSGSEND = YES;
				ENABLE_TESTABILITY = YES;
				GCC_C_LANGUAGE_STANDARD = gnu11;
				GCC_DYNAMIC_NO_PIC = NO;
				GCC_NO_COMMON_BLOCKS = YES;
				GCC_OPTIMIZATION_LEVEL = 0;
				GCC_PREPROCESSOR_DEFINITIONS = (
					"DEBUG=1",
					"$(inherited)",
				);
				GCC_WARN_64_TO_32_BIT_CONVERSION = YES;
				GCC_WARN_ABOUT_RETURN_TYPE = YES_ERROR;
				GCC_WARN_UNDECLARED_SELECTOR = YES;
				GCC_WARN_UNINITIALIZED_AUTOS = YES_AGGRESSIVE;
				GCC_WARN_UNUSED_FUNCTION = YES;
				GCC_WARN_UNUSED_VARIABLE = YES;
				IPHONEOS_DEPLOYMENT_TARGET = 16.4;
				MTL_ENABLE_DEBUG_INFO = INCLUDE_SOURCE;
				MTL_FAST_MATH = YES;
				ONLY_ACTIVE_ARCH = YES;
				SDKROOT = iphoneos;
				SWIFT_ACTIVE_COMPILATION_CONDITIONS = DEBUG;
				SWIFT_OPTIMIZATION_LEVEL = "-Onone";
			};
			name = Debug;
		};
		459585EF2AA610A30039C908 /* Release */ = {
			isa = XCBuildConfiguration;
			buildSettings = {
				ALWAYS_SEARCH_USER_PATHS = NO;
				CLANG_ANALYZER_NONNULL = YES;
				CLANG_ANALYZER_NUMBER_OBJECT_CONVERSION = YES_AGGRESSIVE;
				CLANG_CXX_LANGUAGE_STANDARD = "gnu++20";
				CLANG_ENABLE_MODULES = YES;
				CLANG_ENABLE_OBJC_ARC = YES;
				CLANG_ENABLE_OBJC_WEAK = YES;
				CLANG_WARN_BLOCK_CAPTURE_AUTORELEASING = YES;
				CLANG_WARN_BOOL_CONVERSION = YES;
				CLANG_WARN_COMMA = YES;
				CLANG_WARN_CONSTANT_CONVERSION = YES;
				CLANG_WARN_DEPRECATED_OBJC_IMPLEMENTATIONS = YES;
				CLANG_WARN_DIRECT_OBJC_ISA_USAGE = YES_ERROR;
				CLANG_WARN_DOCUMENTATION_COMMENTS = YES;
				CLANG_WARN_EMPTY_BODY = YES;
				CLANG_WARN_ENUM_CONVERSION = YES;
				CLANG_WARN_INFINITE_RECURSION = YES;
				CLANG_WARN_INT_CONVERSION = YES;
				CLANG_WARN_NON_LITERAL_NULL_CONVERSION = YES;
				CLANG_WARN_OBJC_IMPLICIT_RETAIN_SELF = YES;
				CLANG_WARN_OBJC_LITERAL_CONVERSION = YES;
				CLANG_WARN_OBJC_ROOT_CLASS = YES_ERROR;
				CLANG_WARN_QUOTED_INCLUDE_IN_FRAMEWORK_HEADER = YES;
				CLANG_WARN_RANGE_LOOP_ANALYSIS = YES;
				CLANG_WARN_STRICT_PROTOTYPES = YES;
				CLANG_WARN_SUSPICIOUS_MOVE = YES;
				CLANG_WARN_UNGUARDED_AVAILABILITY = YES_AGGRESSIVE;
				CLANG_WARN_UNREACHABLE_CODE = YES;
				CLANG_WARN__DUPLICATE_METHOD_MATCH = YES;
				COPY_PHASE_STRIP = NO;
				DEBUG_INFORMATION_FORMAT = "dwarf-with-dsym";
				ENABLE_NS_ASSERTIONS = NO;
				ENABLE_STRICT_OBJC_MSGSEND = YES;
				GCC_C_LANGUAGE_STANDARD = gnu11;
				GCC_NO_COMMON_BLOCKS = YES;
				GCC_WARN_64_TO_32_BIT_CONVERSION = YES;
				GCC_WARN_ABOUT_RETURN_TYPE = YES_ERROR;
				GCC_WARN_UNDECLARED_SELECTOR = YES;
				GCC_WARN_UNINITIALIZED_AUTOS = YES_AGGRESSIVE;
				GCC_WARN_UNUSED_FUNCTION = YES;
				GCC_WARN_UNUSED_VARIABLE = YES;
				IPHONEOS_DEPLOYMENT_TARGET = 16.4;
				MTL_ENABLE_DEBUG_INFO = NO;
				MTL_FAST_MATH = YES;
				SDKROOT = iphoneos;
				SWIFT_COMPILATION_MODE = wholemodule;
				SWIFT_OPTIMIZATION_LEVEL = "-O";
				VALIDATE_PRODUCT = YES;
			};
			name = Release;
		};
		459585F12AA610A30039C908 /* Debug */ = {
			isa = XCBuildConfiguration;
			buildSettings = {
				ASSETCATALOG_COMPILER_APPICON_NAME = AppIcon;
				ASSETCATALOG_COMPILER_GLOBAL_ACCENT_COLOR_NAME = AccentColor;
				CODE_SIGN_STYLE = Automatic;
				CURRENT_PROJECT_VERSION = 1;
				DEVELOPMENT_ASSET_PATHS = "\"Mythos/Preview Content\"";
				DEVELOPMENT_TEAM = PPSYB39C6H;
				ENABLE_PREVIEWS = YES;
				GENERATE_INFOPLIST_FILE = YES;
				INFOPLIST_KEY_UIApplicationSceneManifest_Generation = YES;
				INFOPLIST_KEY_UIApplicationSupportsIndirectInputEvents = YES;
				INFOPLIST_KEY_UILaunchScreen_Generation = YES;
				INFOPLIST_KEY_UISupportedInterfaceOrientations = "UIInterfaceOrientationLandscapeLeft UIInterfaceOrientationLandscapeRight";
				INFOPLIST_KEY_UISupportedInterfaceOrientations_iPad = "UIInterfaceOrientationLandscapeLeft UIInterfaceOrientationLandscapeRight UIInterfaceOrientationPortraitUpsideDown";
				LD_RUNPATH_SEARCH_PATHS = (
					"$(inherited)",
					"@executable_path/Frameworks",
				);
				MARKETING_VERSION = 1.0;
				PRODUCT_BUNDLE_IDENTIFIER = Narely.Mythos;
				PRODUCT_NAME = "$(TARGET_NAME)";
				SWIFT_EMIT_LOC_STRINGS = YES;
				SWIFT_VERSION = 5.0;
				TARGETED_DEVICE_FAMILY = "1,2";
			};
			name = Debug;
		};
		459585F22AA610A30039C908 /* Release */ = {
			isa = XCBuildConfiguration;
			buildSettings = {
				ASSETCATALOG_COMPILER_APPICON_NAME = AppIcon;
				ASSETCATALOG_COMPILER_GLOBAL_ACCENT_COLOR_NAME = AccentColor;
				CODE_SIGN_STYLE = Automatic;
				CURRENT_PROJECT_VERSION = 1;
				DEVELOPMENT_ASSET_PATHS = "\"Mythos/Preview Content\"";
				DEVELOPMENT_TEAM = PPSYB39C6H;
				ENABLE_PREVIEWS = YES;
				GENERATE_INFOPLIST_FILE = YES;
				INFOPLIST_KEY_UIApplicationSceneManifest_Generation = YES;
				INFOPLIST_KEY_UIApplicationSupportsIndirectInputEvents = YES;
				INFOPLIST_KEY_UILaunchScreen_Generation = YES;
				INFOPLIST_KEY_UISupportedInterfaceOrientations = "UIInterfaceOrientationLandscapeLeft UIInterfaceOrientationLandscapeRight";
				INFOPLIST_KEY_UISupportedInterfaceOrientations_iPad = "UIInterfaceOrientationLandscapeLeft UIInterfaceOrientationLandscapeRight UIInterfaceOrientationPortraitUpsideDown";
				LD_RUNPATH_SEARCH_PATHS = (
					"$(inherited)",
					"@executable_path/Frameworks",
				);
				MARKETING_VERSION = 1.0;
				PRODUCT_BUNDLE_IDENTIFIER = Narely.Mythos;
				PRODUCT_NAME = "$(TARGET_NAME)";
				SWIFT_EMIT_LOC_STRINGS = YES;
				SWIFT_VERSION = 5.0;
				TARGETED_DEVICE_FAMILY = "1,2";
			};
			name = Release;
		};
		459585F42AA610A30039C908 /* Debug */ = {
			isa = XCBuildConfiguration;
			buildSettings = {
				ALWAYS_EMBED_SWIFT_STANDARD_LIBRARIES = YES;
				BUNDLE_LOADER = "$(TEST_HOST)";
				CODE_SIGN_STYLE = Automatic;
				CURRENT_PROJECT_VERSION = 1;
				DEVELOPMENT_TEAM = U2M84KZ35U;
				GENERATE_INFOPLIST_FILE = YES;
				IPHONEOS_DEPLOYMENT_TARGET = 16.4;
				MARKETING_VERSION = 1.0;
				PRODUCT_BUNDLE_IDENTIFIER = Narely.MythosTests;
				PRODUCT_NAME = "$(TARGET_NAME)";
				SWIFT_EMIT_LOC_STRINGS = NO;
				SWIFT_VERSION = 5.0;
				TARGETED_DEVICE_FAMILY = "1,2";
				TEST_HOST = "$(BUILT_PRODUCTS_DIR)/Mythos.app/$(BUNDLE_EXECUTABLE_FOLDER_PATH)/Mythos";
			};
			name = Debug;
		};
		459585F52AA610A30039C908 /* Release */ = {
			isa = XCBuildConfiguration;
			buildSettings = {
				ALWAYS_EMBED_SWIFT_STANDARD_LIBRARIES = YES;
				BUNDLE_LOADER = "$(TEST_HOST)";
				CODE_SIGN_STYLE = Automatic;
				CURRENT_PROJECT_VERSION = 1;
				DEVELOPMENT_TEAM = U2M84KZ35U;
				GENERATE_INFOPLIST_FILE = YES;
				IPHONEOS_DEPLOYMENT_TARGET = 16.4;
				MARKETING_VERSION = 1.0;
				PRODUCT_BUNDLE_IDENTIFIER = Narely.MythosTests;
				PRODUCT_NAME = "$(TARGET_NAME)";
				SWIFT_EMIT_LOC_STRINGS = NO;
				SWIFT_VERSION = 5.0;
				TARGETED_DEVICE_FAMILY = "1,2";
				TEST_HOST = "$(BUILT_PRODUCTS_DIR)/Mythos.app/$(BUNDLE_EXECUTABLE_FOLDER_PATH)/Mythos";
			};
			name = Release;
		};
		459585F72AA610A30039C908 /* Debug */ = {
			isa = XCBuildConfiguration;
			buildSettings = {
				ALWAYS_EMBED_SWIFT_STANDARD_LIBRARIES = YES;
				CODE_SIGN_STYLE = Automatic;
				CURRENT_PROJECT_VERSION = 1;
				DEVELOPMENT_TEAM = U2M84KZ35U;
				GENERATE_INFOPLIST_FILE = YES;
				MARKETING_VERSION = 1.0;
				PRODUCT_BUNDLE_IDENTIFIER = Narely.MythosUITests;
				PRODUCT_NAME = "$(TARGET_NAME)";
				SWIFT_EMIT_LOC_STRINGS = NO;
				SWIFT_VERSION = 5.0;
				TARGETED_DEVICE_FAMILY = "1,2";
				TEST_TARGET_NAME = Mythos;
			};
			name = Debug;
		};
		459585F82AA610A30039C908 /* Release */ = {
			isa = XCBuildConfiguration;
			buildSettings = {
				ALWAYS_EMBED_SWIFT_STANDARD_LIBRARIES = YES;
				CODE_SIGN_STYLE = Automatic;
				CURRENT_PROJECT_VERSION = 1;
				DEVELOPMENT_TEAM = U2M84KZ35U;
				GENERATE_INFOPLIST_FILE = YES;
				MARKETING_VERSION = 1.0;
				PRODUCT_BUNDLE_IDENTIFIER = Narely.MythosUITests;
				PRODUCT_NAME = "$(TARGET_NAME)";
				SWIFT_EMIT_LOC_STRINGS = NO;
				SWIFT_VERSION = 5.0;
				TARGETED_DEVICE_FAMILY = "1,2";
				TEST_TARGET_NAME = Mythos;
			};
			name = Release;
		};
/* End XCBuildConfiguration section */

/* Begin XCConfigurationList section */
		459585C72AA610A20039C908 /* Build configuration list for PBXProject "Mythos" */ = {
			isa = XCConfigurationList;
			buildConfigurations = (
				459585EE2AA610A30039C908 /* Debug */,
				459585EF2AA610A30039C908 /* Release */,
			);
			defaultConfigurationIsVisible = 0;
			defaultConfigurationName = Release;
		};
		459585F02AA610A30039C908 /* Build configuration list for PBXNativeTarget "Mythos" */ = {
			isa = XCConfigurationList;
			buildConfigurations = (
				459585F12AA610A30039C908 /* Debug */,
				459585F22AA610A30039C908 /* Release */,
			);
			defaultConfigurationIsVisible = 0;
			defaultConfigurationName = Release;
		};
		459585F32AA610A30039C908 /* Build configuration list for PBXNativeTarget "MythosTests" */ = {
			isa = XCConfigurationList;
			buildConfigurations = (
				459585F42AA610A30039C908 /* Debug */,
				459585F52AA610A30039C908 /* Release */,
			);
			defaultConfigurationIsVisible = 0;
			defaultConfigurationName = Release;
		};
		459585F62AA610A30039C908 /* Build configuration list for PBXNativeTarget "MythosUITests" */ = {
			isa = XCConfigurationList;
			buildConfigurations = (
				459585F72AA610A30039C908 /* Debug */,
				459585F82AA610A30039C908 /* Release */,
			);
			defaultConfigurationIsVisible = 0;
			defaultConfigurationName = Release;
		};
/* End XCConfigurationList section */
	};
	rootObject = 459585C42AA610A20039C908 /* Project object */;
}
