// !$*UTF8*$!
{
	archiveVersion = 1;
	classes = {
	};
	objectVersion = 56;
	objects = {

/* Begin PBXBuildFile section */
		452CD7562AE21A8D00F4B9C4 /* KillDeckView.swift in Sources */ = {isa = PBXBuildFile; fileRef = 452CD7552AE21A8D00F4B9C4 /* KillDeckView.swift */; };
		459585D02AA610A20039C908 /* MythosApp.swift in Sources */ = {isa = PBXBuildFile; fileRef = 459585CF2AA610A20039C908 /* MythosApp.swift */; };
		459585D42AA610A30039C908 /* Assets.xcassets in Resources */ = {isa = PBXBuildFile; fileRef = 459585D32AA610A30039C908 /* Assets.xcassets */; };
		459585D72AA610A30039C908 /* Preview Assets.xcassets in Resources */ = {isa = PBXBuildFile; fileRef = 459585D62AA610A30039C908 /* Preview Assets.xcassets */; };
		459585E12AA610A30039C908 /* MythosTests.swift in Sources */ = {isa = PBXBuildFile; fileRef = 459585E02AA610A30039C908 /* MythosTests.swift */; };
		459585EB2AA610A30039C908 /* MythosUITests.swift in Sources */ = {isa = PBXBuildFile; fileRef = 459585EA2AA610A30039C908 /* MythosUITests.swift */; };
		459585ED2AA610A30039C908 /* MythosUITestsLaunchTests.swift in Sources */ = {isa = PBXBuildFile; fileRef = 459585EC2AA610A30039C908 /* MythosUITestsLaunchTests.swift */; };
		459585FA2AA6143C0039C908 /* GameView.swift in Sources */ = {isa = PBXBuildFile; fileRef = 459585F92AA6143C0039C908 /* GameView.swift */; };
		45BCB8082AD5DF2200A11F6E /* PersonasView.swift in Sources */ = {isa = PBXBuildFile; fileRef = 45BCB8072AD5DF2200A11F6E /* PersonasView.swift */; };
		4F1C34582AE7F3D300FA2E6D /* Cabin-Bold.ttf in Resources */ = {isa = PBXBuildFile; fileRef = 4F1C34562AE7F3D300FA2E6D /* Cabin-Bold.ttf */; };
		4F1C34592AE7F3D300FA2E6D /* Cabin-Bold.ttf in Resources */ = {isa = PBXBuildFile; fileRef = 4F1C34562AE7F3D300FA2E6D /* Cabin-Bold.ttf */; };
		4F1C345A2AE7F3D300FA2E6D /* Cabin-Bold.ttf in Resources */ = {isa = PBXBuildFile; fileRef = 4F1C34562AE7F3D300FA2E6D /* Cabin-Bold.ttf */; };
		4F1C345B2AE7F3D300FA2E6D /* Cabin-MediumItalic.ttf in Resources */ = {isa = PBXBuildFile; fileRef = 4F1C34572AE7F3D300FA2E6D /* Cabin-MediumItalic.ttf */; };
		4F1C345C2AE7F3D300FA2E6D /* Cabin-MediumItalic.ttf in Resources */ = {isa = PBXBuildFile; fileRef = 4F1C34572AE7F3D300FA2E6D /* Cabin-MediumItalic.ttf */; };
		4F1C345D2AE7F3D300FA2E6D /* Cabin-MediumItalic.ttf in Resources */ = {isa = PBXBuildFile; fileRef = 4F1C34572AE7F3D300FA2E6D /* Cabin-MediumItalic.ttf */; };
		4F4269E62AD0511900A417E5 /* PlayerClient.swift in Sources */ = {isa = PBXBuildFile; fileRef = 4F4269E52AD0511900A417E5 /* PlayerClient.swift */; };
		4F51B8BE2AD0B5D7007107B4 /* PopUpCard.swift in Sources */ = {isa = PBXBuildFile; fileRef = 4F51B8BD2AD0B5D7007107B4 /* PopUpCard.swift */; };
		4F51B8C02AD0D2B8007107B4 /* ParallaxView.swift in Sources */ = {isa = PBXBuildFile; fileRef = 4F51B8BF2AD0D2B8007107B4 /* ParallaxView.swift */; };
		4F642BC42AE6DD7600A4B680 /* CaesarDressing-Regular.ttf in Resources */ = {isa = PBXBuildFile; fileRef = 4F642BC32AE6DD7600A4B680 /* CaesarDressing-Regular.ttf */; };
		4F642BC52AE6DD7600A4B680 /* CaesarDressing-Regular.ttf in Resources */ = {isa = PBXBuildFile; fileRef = 4F642BC32AE6DD7600A4B680 /* CaesarDressing-Regular.ttf */; };
		4F642BC62AE6DD7600A4B680 /* CaesarDressing-Regular.ttf in Resources */ = {isa = PBXBuildFile; fileRef = 4F642BC32AE6DD7600A4B680 /* CaesarDressing-Regular.ttf */; };
		4FBC46F82AD43C4400BB1CE1 /* Fonts.swift in Sources */ = {isa = PBXBuildFile; fileRef = 4FBC46F72AD43C4400BB1CE1 /* Fonts.swift */; };
		4FBE72A32AB1DF25002165FB /* Protocols.swift in Sources */ = {isa = PBXBuildFile; fileRef = 4FBE72A22AB1DF25002165FB /* Protocols.swift */; };
		4FF895B62ACED14500F50DA4 /* MaybeGameView.swift in Sources */ = {isa = PBXBuildFile; fileRef = 4FF895B52ACED14500F50DA4 /* MaybeGameView.swift */; };
		4FF895B82ACED16E00F50DA4 /* CardRepresentable.swift in Sources */ = {isa = PBXBuildFile; fileRef = 4FF895B72ACED16E00F50DA4 /* CardRepresentable.swift */; };
		645319EC2ADD7639007FB0AC /* PopUpView.swift in Sources */ = {isa = PBXBuildFile; fileRef = 645319EB2ADD7639007FB0AC /* PopUpView.swift */; };
		64C04C102AD436BD00894EF9 /* PlayerView.swift in Sources */ = {isa = PBXBuildFile; fileRef = 64C04C0F2AD436BD00894EF9 /* PlayerView.swift */; };
		64D788FC2AB484CC00394078 /* CardNode.swift in Sources */ = {isa = PBXBuildFile; fileRef = 64D788FB2AB484CC00394078 /* CardNode.swift */; };
		64D8FB0C2AFA69A600D75468 /* AutenticatedView.swift in Sources */ = {isa = PBXBuildFile; fileRef = 64D8FB0B2AFA69A600D75468 /* AutenticatedView.swift */; };
		64FFCE722AA74C5F0090566B /* WebSocket.swift in Sources */ = {isa = PBXBuildFile; fileRef = 64FFCE712AA74C5F0090566B /* WebSocket.swift */; };
		64FFCE762AA76B010090566B /* Card.swift in Sources */ = {isa = PBXBuildFile; fileRef = 64FFCE752AA76B010090566B /* Card.swift */; };
		64FFCE782AA8B0A80090566B /* DataWrapper.swift in Sources */ = {isa = PBXBuildFile; fileRef = 64FFCE772AA8B0A80090566B /* DataWrapper.swift */; };
		DD0B38002AE808EF007513AD /* CardFocusedView.swift in Sources */ = {isa = PBXBuildFile; fileRef = DD0B37FF2AE808EF007513AD /* CardFocusedView.swift */; };
		DD0B380A2AEC3818007513AD /* UserCardsView.swift in Sources */ = {isa = PBXBuildFile; fileRef = DD0B38092AEC3818007513AD /* UserCardsView.swift */; };
		DD0B380E2AEC3C42007513AD /* CardViewModel.swift in Sources */ = {isa = PBXBuildFile; fileRef = DD0B380D2AEC3C42007513AD /* CardViewModel.swift */; };
		DD0B38112AEC4152007513AD /* CardHighlightsView.swift in Sources */ = {isa = PBXBuildFile; fileRef = DD0B38102AEC4152007513AD /* CardHighlightsView.swift */; };
		DD0B38132AEC44A6007513AD /* SendCardButtonView.swift in Sources */ = {isa = PBXBuildFile; fileRef = DD0B38122AEC44A6007513AD /* SendCardButtonView.swift */; };
		DD0B38152AEC513D007513AD /* PlayerLayoutView.swift in Sources */ = {isa = PBXBuildFile; fileRef = DD0B38142AEC513D007513AD /* PlayerLayoutView.swift */; };
		DD57DF862AD428D3009B9272 /* ButtonConnect.swift in Sources */ = {isa = PBXBuildFile; fileRef = DD57DF852AD428D3009B9272 /* ButtonConnect.swift */; };
		DD57DF882AD49A04009B9272 /* DataStorage.swift in Sources */ = {isa = PBXBuildFile; fileRef = DD57DF872AD49A04009B9272 /* DataStorage.swift */; };
		DD6D18662AB8784F004B02AA /* HomeView.swift in Sources */ = {isa = PBXBuildFile; fileRef = DD6D18652AB8784F004B02AA /* HomeView.swift */; };
		DD6D18682AB87872004B02AA /* WaitingRoomView.swift in Sources */ = {isa = PBXBuildFile; fileRef = DD6D18672AB87872004B02AA /* WaitingRoomView.swift */; };
		DD6D186B2AB88352004B02AA /* PlayButtonView.swift in Sources */ = {isa = PBXBuildFile; fileRef = DD6D186A2AB88352004B02AA /* PlayButtonView.swift */; };
		DD6D186F2AB88506004B02AA /* InventoryButtonView.swift in Sources */ = {isa = PBXBuildFile; fileRef = DD6D186E2AB88506004B02AA /* InventoryButtonView.swift */; };
		DD6D18712AB8857A004B02AA /* UserButtonView.swift in Sources */ = {isa = PBXBuildFile; fileRef = DD6D18702AB8857A004B02AA /* UserButtonView.swift */; };
		DD6D18742AB8898E004B02AA /* CoinsView.swift in Sources */ = {isa = PBXBuildFile; fileRef = DD6D18732AB8898E004B02AA /* CoinsView.swift */; };
		DD6D18762AB889F2004B02AA /* ConfigButtonView.swift in Sources */ = {isa = PBXBuildFile; fileRef = DD6D18752AB889F2004B02AA /* ConfigButtonView.swift */; };
		DD6D18782AB88A8D004B02AA /* StoreButtonView.swift in Sources */ = {isa = PBXBuildFile; fileRef = DD6D18772AB88A8D004B02AA /* StoreButtonView.swift */; };
		DD6D187A2AB88B26004B02AA /* StoreView.swift in Sources */ = {isa = PBXBuildFile; fileRef = DD6D18792AB88B26004B02AA /* StoreView.swift */; };
		DD6D187C2AB88B33004B02AA /* ConfigurationView.swift in Sources */ = {isa = PBXBuildFile; fileRef = DD6D187B2AB88B33004B02AA /* ConfigurationView.swift */; };
		DD6D187E2AB88B41004B02AA /* InventoryView.swift in Sources */ = {isa = PBXBuildFile; fileRef = DD6D187D2AB88B41004B02AA /* InventoryView.swift */; };
		DD6D18802AB88DA3004B02AA /* ProfileView.swift in Sources */ = {isa = PBXBuildFile; fileRef = DD6D187F2AB88DA3004B02AA /* ProfileView.swift */; };
		DD6D18AA2ABDBF0A004B02AA /* CustomToolbarView.swift in Sources */ = {isa = PBXBuildFile; fileRef = DD6D18A92ABDBF0A004B02AA /* CustomToolbarView.swift */; };
		DD6D18AC2ABDBF37004B02AA /* BackButtonView.swift in Sources */ = {isa = PBXBuildFile; fileRef = DD6D18AB2ABDBF37004B02AA /* BackButtonView.swift */; };
		DD6D18AE2ABDBF93004B02AA /* ConnectedPlayersView.swift in Sources */ = {isa = PBXBuildFile; fileRef = DD6D18AD2ABDBF93004B02AA /* ConnectedPlayersView.swift */; };
		DD84A4662ADEB7ED00BD0801 /* BackCardView.swift in Sources */ = {isa = PBXBuildFile; fileRef = DD84A4652ADEB7ED00BD0801 /* BackCardView.swift */; };
		DD84A46A2ADEC8A300BD0801 /* WebSocketProtocol.swift in Sources */ = {isa = PBXBuildFile; fileRef = DD84A4692ADEC8A300BD0801 /* WebSocketProtocol.swift */; };
/* End PBXBuildFile section */

/* Begin PBXContainerItemProxy section */
		459585DD2AA610A30039C908 /* PBXContainerItemProxy */ = {
			isa = PBXContainerItemProxy;
			containerPortal = 459585C42AA610A20039C908 /* Project object */;
			proxyType = 1;
			remoteGlobalIDString = 459585CB2AA610A20039C908;
			remoteInfo = Mythos;
		};
		459585E72AA610A30039C908 /* PBXContainerItemProxy */ = {
			isa = PBXContainerItemProxy;
			containerPortal = 459585C42AA610A20039C908 /* Project object */;
			proxyType = 1;
			remoteGlobalIDString = 459585CB2AA610A20039C908;
			remoteInfo = Mythos;
		};
/* End PBXContainerItemProxy section */

/* Begin PBXFileReference section */
		452CD7552AE21A8D00F4B9C4 /* KillDeckView.swift */ = {isa = PBXFileReference; lastKnownFileType = sourcecode.swift; path = KillDeckView.swift; sourceTree = "<group>"; };
		459585CC2AA610A20039C908 /* Mythos.app */ = {isa = PBXFileReference; explicitFileType = wrapper.application; includeInIndex = 0; path = Mythos.app; sourceTree = BUILT_PRODUCTS_DIR; };
		459585CF2AA610A20039C908 /* MythosApp.swift */ = {isa = PBXFileReference; lastKnownFileType = sourcecode.swift; path = MythosApp.swift; sourceTree = "<group>"; };
		459585D32AA610A30039C908 /* Assets.xcassets */ = {isa = PBXFileReference; lastKnownFileType = folder.assetcatalog; path = Assets.xcassets; sourceTree = "<group>"; };
		459585D62AA610A30039C908 /* Preview Assets.xcassets */ = {isa = PBXFileReference; lastKnownFileType = folder.assetcatalog; path = "Preview Assets.xcassets"; sourceTree = "<group>"; };
		459585DC2AA610A30039C908 /* MythosTests.xctest */ = {isa = PBXFileReference; explicitFileType = wrapper.cfbundle; includeInIndex = 0; path = MythosTests.xctest; sourceTree = BUILT_PRODUCTS_DIR; };
		459585E02AA610A30039C908 /* MythosTests.swift */ = {isa = PBXFileReference; lastKnownFileType = sourcecode.swift; path = MythosTests.swift; sourceTree = "<group>"; };
		459585E62AA610A30039C908 /* MythosUITests.xctest */ = {isa = PBXFileReference; explicitFileType = wrapper.cfbundle; includeInIndex = 0; path = MythosUITests.xctest; sourceTree = BUILT_PRODUCTS_DIR; };
		459585EA2AA610A30039C908 /* MythosUITests.swift */ = {isa = PBXFileReference; lastKnownFileType = sourcecode.swift; path = MythosUITests.swift; sourceTree = "<group>"; };
		459585EC2AA610A30039C908 /* MythosUITestsLaunchTests.swift */ = {isa = PBXFileReference; lastKnownFileType = sourcecode.swift; path = MythosUITestsLaunchTests.swift; sourceTree = "<group>"; };
		459585F92AA6143C0039C908 /* GameView.swift */ = {isa = PBXFileReference; lastKnownFileType = sourcecode.swift; path = GameView.swift; sourceTree = "<group>"; };
		45BCB8072AD5DF2200A11F6E /* PersonasView.swift */ = {isa = PBXFileReference; lastKnownFileType = sourcecode.swift; path = PersonasView.swift; sourceTree = "<group>"; };
		4F1C34562AE7F3D300FA2E6D /* Cabin-Bold.ttf */ = {isa = PBXFileReference; lastKnownFileType = file; path = "Cabin-Bold.ttf"; sourceTree = "<group>"; };
		4F1C34572AE7F3D300FA2E6D /* Cabin-MediumItalic.ttf */ = {isa = PBXFileReference; lastKnownFileType = file; path = "Cabin-MediumItalic.ttf"; sourceTree = "<group>"; };
		4F4269E52AD0511900A417E5 /* PlayerClient.swift */ = {isa = PBXFileReference; lastKnownFileType = sourcecode.swift; path = PlayerClient.swift; sourceTree = "<group>"; };
		4F51B8BD2AD0B5D7007107B4 /* PopUpCard.swift */ = {isa = PBXFileReference; lastKnownFileType = sourcecode.swift; path = PopUpCard.swift; sourceTree = "<group>"; };
		4F51B8BF2AD0D2B8007107B4 /* ParallaxView.swift */ = {isa = PBXFileReference; lastKnownFileType = sourcecode.swift; path = ParallaxView.swift; sourceTree = "<group>"; };
		4F642BC32AE6DD7600A4B680 /* CaesarDressing-Regular.ttf */ = {isa = PBXFileReference; lastKnownFileType = file; path = "CaesarDressing-Regular.ttf"; sourceTree = "<group>"; };
		4FBC46F62AD43BF000BB1CE1 /* Info.plist */ = {isa = PBXFileReference; lastKnownFileType = text.plist; path = Info.plist; sourceTree = "<group>"; };
		4FBC46F72AD43C4400BB1CE1 /* Fonts.swift */ = {isa = PBXFileReference; lastKnownFileType = sourcecode.swift; path = Fonts.swift; sourceTree = "<group>"; };
		4FBE72A22AB1DF25002165FB /* Protocols.swift */ = {isa = PBXFileReference; lastKnownFileType = sourcecode.swift; path = Protocols.swift; sourceTree = "<group>"; };
		4FF895B52ACED14500F50DA4 /* MaybeGameView.swift */ = {isa = PBXFileReference; lastKnownFileType = sourcecode.swift; path = MaybeGameView.swift; sourceTree = "<group>"; };
		4FF895B72ACED16E00F50DA4 /* CardRepresentable.swift */ = {isa = PBXFileReference; lastKnownFileType = sourcecode.swift; path = CardRepresentable.swift; sourceTree = "<group>"; };
		645319EB2ADD7639007FB0AC /* PopUpView.swift */ = {isa = PBXFileReference; lastKnownFileType = sourcecode.swift; path = PopUpView.swift; sourceTree = "<group>"; };
		64C04C0F2AD436BD00894EF9 /* PlayerView.swift */ = {isa = PBXFileReference; lastKnownFileType = sourcecode.swift; path = PlayerView.swift; sourceTree = "<group>"; };
		64D788FB2AB484CC00394078 /* CardNode.swift */ = {isa = PBXFileReference; lastKnownFileType = sourcecode.swift; path = CardNode.swift; sourceTree = "<group>"; };
		64D8FB0B2AFA69A600D75468 /* AutenticatedView.swift */ = {isa = PBXFileReference; lastKnownFileType = sourcecode.swift; path = AutenticatedView.swift; sourceTree = "<group>"; };
		64FFCE712AA74C5F0090566B /* WebSocket.swift */ = {isa = PBXFileReference; lastKnownFileType = sourcecode.swift; path = WebSocket.swift; sourceTree = "<group>"; };
		64FFCE752AA76B010090566B /* Card.swift */ = {isa = PBXFileReference; lastKnownFileType = sourcecode.swift; path = Card.swift; sourceTree = "<group>"; };
		64FFCE772AA8B0A80090566B /* DataWrapper.swift */ = {isa = PBXFileReference; lastKnownFileType = sourcecode.swift; path = DataWrapper.swift; sourceTree = "<group>"; };
		DD0B37FF2AE808EF007513AD /* CardFocusedView.swift */ = {isa = PBXFileReference; lastKnownFileType = sourcecode.swift; path = CardFocusedView.swift; sourceTree = "<group>"; };
		DD0B38092AEC3818007513AD /* UserCardsView.swift */ = {isa = PBXFileReference; lastKnownFileType = sourcecode.swift; path = UserCardsView.swift; sourceTree = "<group>"; };
		DD0B380D2AEC3C42007513AD /* CardViewModel.swift */ = {isa = PBXFileReference; lastKnownFileType = sourcecode.swift; path = CardViewModel.swift; sourceTree = "<group>"; };
		DD0B38102AEC4152007513AD /* CardHighlightsView.swift */ = {isa = PBXFileReference; lastKnownFileType = sourcecode.swift; path = CardHighlightsView.swift; sourceTree = "<group>"; };
		DD0B38122AEC44A6007513AD /* SendCardButtonView.swift */ = {isa = PBXFileReference; lastKnownFileType = sourcecode.swift; path = SendCardButtonView.swift; sourceTree = "<group>"; };
		DD0B38142AEC513D007513AD /* PlayerLayoutView.swift */ = {isa = PBXFileReference; lastKnownFileType = sourcecode.swift; path = PlayerLayoutView.swift; sourceTree = "<group>"; };
		DD57DF852AD428D3009B9272 /* ButtonConnect.swift */ = {isa = PBXFileReference; lastKnownFileType = sourcecode.swift; path = ButtonConnect.swift; sourceTree = "<group>"; };
		DD57DF872AD49A04009B9272 /* DataStorage.swift */ = {isa = PBXFileReference; lastKnownFileType = sourcecode.swift; path = DataStorage.swift; sourceTree = "<group>"; };
		DD6D18652AB8784F004B02AA /* HomeView.swift */ = {isa = PBXFileReference; lastKnownFileType = sourcecode.swift; path = HomeView.swift; sourceTree = "<group>"; };
		DD6D18672AB87872004B02AA /* WaitingRoomView.swift */ = {isa = PBXFileReference; lastKnownFileType = sourcecode.swift; path = WaitingRoomView.swift; sourceTree = "<group>"; };
		DD6D186A2AB88352004B02AA /* PlayButtonView.swift */ = {isa = PBXFileReference; lastKnownFileType = sourcecode.swift; path = PlayButtonView.swift; sourceTree = "<group>"; };
		DD6D186E2AB88506004B02AA /* InventoryButtonView.swift */ = {isa = PBXFileReference; lastKnownFileType = sourcecode.swift; path = InventoryButtonView.swift; sourceTree = "<group>"; };
		DD6D18702AB8857A004B02AA /* UserButtonView.swift */ = {isa = PBXFileReference; lastKnownFileType = sourcecode.swift; path = UserButtonView.swift; sourceTree = "<group>"; };
		DD6D18732AB8898E004B02AA /* CoinsView.swift */ = {isa = PBXFileReference; lastKnownFileType = sourcecode.swift; path = CoinsView.swift; sourceTree = "<group>"; };
		DD6D18752AB889F2004B02AA /* ConfigButtonView.swift */ = {isa = PBXFileReference; lastKnownFileType = sourcecode.swift; path = ConfigButtonView.swift; sourceTree = "<group>"; };
		DD6D18772AB88A8D004B02AA /* StoreButtonView.swift */ = {isa = PBXFileReference; lastKnownFileType = sourcecode.swift; path = StoreButtonView.swift; sourceTree = "<group>"; };
		DD6D18792AB88B26004B02AA /* StoreView.swift */ = {isa = PBXFileReference; lastKnownFileType = sourcecode.swift; path = StoreView.swift; sourceTree = "<group>"; };
		DD6D187B2AB88B33004B02AA /* ConfigurationView.swift */ = {isa = PBXFileReference; lastKnownFileType = sourcecode.swift; path = ConfigurationView.swift; sourceTree = "<group>"; };
		DD6D187D2AB88B41004B02AA /* InventoryView.swift */ = {isa = PBXFileReference; lastKnownFileType = sourcecode.swift; path = InventoryView.swift; sourceTree = "<group>"; };
		DD6D187F2AB88DA3004B02AA /* ProfileView.swift */ = {isa = PBXFileReference; lastKnownFileType = sourcecode.swift; path = ProfileView.swift; sourceTree = "<group>"; };
		DD6D18A92ABDBF0A004B02AA /* CustomToolbarView.swift */ = {isa = PBXFileReference; lastKnownFileType = sourcecode.swift; path = CustomToolbarView.swift; sourceTree = "<group>"; };
		DD6D18AB2ABDBF37004B02AA /* BackButtonView.swift */ = {isa = PBXFileReference; lastKnownFileType = sourcecode.swift; path = BackButtonView.swift; sourceTree = "<group>"; };
		DD6D18AD2ABDBF93004B02AA /* ConnectedPlayersView.swift */ = {isa = PBXFileReference; lastKnownFileType = sourcecode.swift; name = ConnectedPlayersView.swift; path = Mythos/View/WaitingRoom/ConnectedPlayersView.swift; sourceTree = SOURCE_ROOT; };
		DD84A4652ADEB7ED00BD0801 /* BackCardView.swift */ = {isa = PBXFileReference; lastKnownFileType = sourcecode.swift; path = BackCardView.swift; sourceTree = "<group>"; };
		DD84A4692ADEC8A300BD0801 /* WebSocketProtocol.swift */ = {isa = PBXFileReference; lastKnownFileType = sourcecode.swift; path = WebSocketProtocol.swift; sourceTree = "<group>"; };
/* End PBXFileReference section */

/* Begin PBXFrameworksBuildPhase section */
		459585C92AA610A20039C908 /* Frameworks */ = {
			isa = PBXFrameworksBuildPhase;
			buildActionMask = 2147483647;
			files = (
			);
			runOnlyForDeploymentPostprocessing = 0;
		};
		459585D92AA610A30039C908 /* Frameworks */ = {
			isa = PBXFrameworksBuildPhase;
			buildActionMask = 2147483647;
			files = (
			);
			runOnlyForDeploymentPostprocessing = 0;
		};
		459585E32AA610A30039C908 /* Frameworks */ = {
			isa = PBXFrameworksBuildPhase;
			buildActionMask = 2147483647;
			files = (
			);
			runOnlyForDeploymentPostprocessing = 0;
		};
/* End PBXFrameworksBuildPhase section */

/* Begin PBXGroup section */
		459585C32AA610A20039C908 = {
			isa = PBXGroup;
			children = (
				459585CE2AA610A20039C908 /* Mythos */,
				459585DF2AA610A30039C908 /* MythosTests */,
				459585E92AA610A30039C908 /* MythosUITests */,
				459585CD2AA610A20039C908 /* Products */,
			);
			sourceTree = "<group>";
		};
		459585CD2AA610A20039C908 /* Products */ = {
			isa = PBXGroup;
			children = (
				459585CC2AA610A20039C908 /* Mythos.app */,
				459585DC2AA610A30039C908 /* MythosTests.xctest */,
				459585E62AA610A30039C908 /* MythosUITests.xctest */,
			);
			name = Products;
			sourceTree = "<group>";
		};
		459585CE2AA610A20039C908 /* Mythos */ = {
			isa = PBXGroup;
			children = (
				DD0B38062AEC2D59007513AD /* Data */,
				4FBC46F62AD43BF000BB1CE1 /* Info.plist */,
				4FBC46F12AD43BA900BB1CE1 /* ProjectFonts */,
				64FFCE792AA8B45F0090566B /* View */,
				459585D32AA610A30039C908 /* Assets.xcassets */,
				459585D52AA610A30039C908 /* Preview Content */,
			);
			path = Mythos;
			sourceTree = "<group>";
		};
		459585D52AA610A30039C908 /* Preview Content */ = {
			isa = PBXGroup;
			children = (
				459585D62AA610A30039C908 /* Preview Assets.xcassets */,
			);
			path = "Preview Content";
			sourceTree = "<group>";
		};
		459585DF2AA610A30039C908 /* MythosTests */ = {
			isa = PBXGroup;
			children = (
				459585E02AA610A30039C908 /* MythosTests.swift */,
			);
			path = MythosTests;
			sourceTree = "<group>";
		};
		459585E92AA610A30039C908 /* MythosUITests */ = {
			isa = PBXGroup;
			children = (
				459585EA2AA610A30039C908 /* MythosUITests.swift */,
				459585EC2AA610A30039C908 /* MythosUITestsLaunchTests.swift */,
			);
			path = MythosUITests;
			sourceTree = "<group>";
		};
		4FBC46F02AD4226600BB1CE1 /* Card */ = {
			isa = PBXGroup;
			children = (
				4FF895B72ACED16E00F50DA4 /* CardRepresentable.swift */,
				452CD7552AE21A8D00F4B9C4 /* KillDeckView.swift */,
				DD84A4652ADEB7ED00BD0801 /* BackCardView.swift */,
				DD0B37FF2AE808EF007513AD /* CardFocusedView.swift */,
				DD0B38092AEC3818007513AD /* UserCardsView.swift */,
			);
			path = Card;
			sourceTree = "<group>";
		};
		4FBC46F12AD43BA900BB1CE1 /* ProjectFonts */ = {
			isa = PBXGroup;
			children = (
				4F642BC32AE6DD7600A4B680 /* CaesarDressing-Regular.ttf */,
				4F1C34562AE7F3D300FA2E6D /* Cabin-Bold.ttf */,
				4F1C34572AE7F3D300FA2E6D /* Cabin-MediumItalic.ttf */,
				4FBC46F72AD43C4400BB1CE1 /* Fonts.swift */,
			);
			path = ProjectFonts;
			sourceTree = "<group>";
		};
		64FFCE792AA8B45F0090566B /* View */ = {
			isa = PBXGroup;
			children = (
				DD0B38012AEC2900007513AD /* GamePlay */,
				DD6D18722AB88940004B02AA /* HUD */,
				DD6D18892AB8926C004B02AA /* Profile */,
				DD6D18882AB89249004B02AA /* Inventory */,
				DD6D18872AB8923D004B02AA /* Configuration */,
				DD6D18852AB8919A004B02AA /* Store */,
				DD6D18832AB8917B004B02AA /* WaitingRoom */,
				DD6D18812AB8913C004B02AA /* Home */,
				459585CF2AA610A20039C908 /* MythosApp.swift */,
				4F51B8BF2AD0D2B8007107B4 /* ParallaxView.swift */,
				4F51B8BD2AD0B5D7007107B4 /* PopUpCard.swift */,
				64D788FB2AB484CC00394078 /* CardNode.swift */,
				645319EB2ADD7639007FB0AC /* PopUpView.swift */,
			);
			path = View;
			sourceTree = "<group>";
		};
		64FFCE7A2AA8B4750090566B /* Model */ = {
			isa = PBXGroup;
			children = (
				4F4269E52AD0511900A417E5 /* PlayerClient.swift */,
				64FFCE752AA76B010090566B /* Card.swift */,
			);
			path = Model;
			sourceTree = "<group>";
		};
		DD0B38012AEC2900007513AD /* GamePlay */ = {
			isa = PBXGroup;
			children = (
				DD0B38042AEC29F5007513AD /* ViewModel */,
				DD0B38032AEC29EA007513AD /* View */,
				DD0B38022AEC29C2007513AD /* Components */,
			);
			path = GamePlay;
			sourceTree = "<group>";
		};
		DD0B38022AEC29C2007513AD /* Components */ = {
			isa = PBXGroup;
			children = (
				DD0B380F2AEC4076007513AD /* Highlights */,
				DD0B38052AEC2CD4007513AD /* Players */,
				4FBC46F02AD4226600BB1CE1 /* Card */,
				DD0B38122AEC44A6007513AD /* SendCardButtonView.swift */,
			);
			path = Components;
			sourceTree = "<group>";
		};
		DD0B38032AEC29EA007513AD /* View */ = {
			isa = PBXGroup;
			children = (
				459585F92AA6143C0039C908 /* GameView.swift */,
				4FF895B52ACED14500F50DA4 /* MaybeGameView.swift */,
			);
			path = View;
			sourceTree = "<group>";
		};
		DD0B38042AEC29F5007513AD /* ViewModel */ = {
			isa = PBXGroup;
			children = (
				DD0B380D2AEC3C42007513AD /* CardViewModel.swift */,
			);
			path = ViewModel;
			sourceTree = "<group>";
		};
		DD0B38052AEC2CD4007513AD /* Players */ = {
			isa = PBXGroup;
			children = (
				45BCB8072AD5DF2200A11F6E /* PersonasView.swift */,
				DD0B38142AEC513D007513AD /* PlayerLayoutView.swift */,
			);
			path = Players;
			sourceTree = "<group>";
		};
		DD0B38062AEC2D59007513AD /* Data */ = {
			isa = PBXGroup;
			children = (
				DD0B38072AEC2D7A007513AD /* Persistence */,
				64FFCE7A2AA8B4750090566B /* Model */,
				DDB60D872AE698CE0071AA73 /* Network */,
			);
			path = Data;
			sourceTree = "<group>";
		};
		DD0B38072AEC2D7A007513AD /* Persistence */ = {
			isa = PBXGroup;
			children = (
				DD57DF872AD49A04009B9272 /* DataStorage.swift */,
			);
			path = Persistence;
			sourceTree = "<group>";
		};
		DD0B380F2AEC4076007513AD /* Highlights */ = {
			isa = PBXGroup;
			children = (
				DD0B38102AEC4152007513AD /* CardHighlightsView.swift */,
			);
			path = Highlights;
			sourceTree = "<group>";
		};
		DD6D18692AB88221004B02AA /* Components */ = {
			isa = PBXGroup;
			children = (
				64D8FB0B2AFA69A600D75468 /* AutenticatedView.swift */,
				DD6D186C2AB883DE004B02AA /* Buttons */,
			);
			path = Components;
			sourceTree = "<group>";
		};
		DD6D186C2AB883DE004B02AA /* Buttons */ = {
			isa = PBXGroup;
			children = (
				DD6D186A2AB88352004B02AA /* PlayButtonView.swift */,
				DD6D186E2AB88506004B02AA /* InventoryButtonView.swift */,
				DD6D18702AB8857A004B02AA /* UserButtonView.swift */,
			);
			path = Buttons;
			sourceTree = "<group>";
		};
		DD6D18722AB88940004B02AA /* HUD */ = {
			isa = PBXGroup;
			children = (
				DD6D18732AB8898E004B02AA /* CoinsView.swift */,
				DD6D18752AB889F2004B02AA /* ConfigButtonView.swift */,
				DD6D18A92ABDBF0A004B02AA /* CustomToolbarView.swift */,
				DD6D18772AB88A8D004B02AA /* StoreButtonView.swift */,
				DD6D18AB2ABDBF37004B02AA /* BackButtonView.swift */,
			);
			path = HUD;
			sourceTree = "<group>";
		};
		DD6D18812AB8913C004B02AA /* Home */ = {
			isa = PBXGroup;
			children = (
				DD6D18652AB8784F004B02AA /* HomeView.swift */,
				DD6D18692AB88221004B02AA /* Components */,
			);
			path = Home;
			sourceTree = "<group>";
		};
		DD6D18832AB8917B004B02AA /* WaitingRoom */ = {
			isa = PBXGroup;
			children = (
				DD6D18842AB8918C004B02AA /* Components */,
				DD6D18672AB87872004B02AA /* WaitingRoomView.swift */,
				DD57DF852AD428D3009B9272 /* ButtonConnect.swift */,
				DD6D18AD2ABDBF93004B02AA /* ConnectedPlayersView.swift */,
			);
			path = WaitingRoom;
			sourceTree = "<group>";
		};
		DD6D18842AB8918C004B02AA /* Components */ = {
			isa = PBXGroup;
			children = (
			);
			path = Components;
			sourceTree = "<group>";
		};
		DD6D18852AB8919A004B02AA /* Store */ = {
			isa = PBXGroup;
			children = (
				DD6D18792AB88B26004B02AA /* StoreView.swift */,
				DD6D18862AB891A3004B02AA /* Components */,
			);
			path = Store;
			sourceTree = "<group>";
		};
		DD6D18862AB891A3004B02AA /* Components */ = {
			isa = PBXGroup;
			children = (
			);
			path = Components;
			sourceTree = "<group>";
		};
		DD6D18872AB8923D004B02AA /* Configuration */ = {
			isa = PBXGroup;
			children = (
				DD6D188A2AB89280004B02AA /* Components */,
				DD6D187B2AB88B33004B02AA /* ConfigurationView.swift */,
				64C04C0F2AD436BD00894EF9 /* PlayerView.swift */,
			);
			path = Configuration;
			sourceTree = "<group>";
		};
		DD6D18882AB89249004B02AA /* Inventory */ = {
			isa = PBXGroup;
			children = (
				DD6D188B2AB89288004B02AA /* Components */,
				DD6D187D2AB88B41004B02AA /* InventoryView.swift */,
			);
			path = Inventory;
			sourceTree = "<group>";
		};
		DD6D18892AB8926C004B02AA /* Profile */ = {
			isa = PBXGroup;
			children = (
				DD6D188C2AB89291004B02AA /* Components */,
				DD6D187F2AB88DA3004B02AA /* ProfileView.swift */,
			);
			path = Profile;
			sourceTree = "<group>";
		};
		DD6D188A2AB89280004B02AA /* Components */ = {
			isa = PBXGroup;
			children = (
			);
			path = Components;
			sourceTree = "<group>";
		};
		DD6D188B2AB89288004B02AA /* Components */ = {
			isa = PBXGroup;
			children = (
			);
			path = Components;
			sourceTree = "<group>";
		};
		DD6D188C2AB89291004B02AA /* Components */ = {
			isa = PBXGroup;
			children = (
			);
			path = Components;
			sourceTree = "<group>";
		};
		DDB60D872AE698CE0071AA73 /* Network */ = {
			isa = PBXGroup;
			children = (
				64FFCE712AA74C5F0090566B /* WebSocket.swift */,
				DD84A4692ADEC8A300BD0801 /* WebSocketProtocol.swift */,
				64FFCE772AA8B0A80090566B /* DataWrapper.swift */,
				4FBE72A22AB1DF25002165FB /* Protocols.swift */,
			);
			path = Network;
			sourceTree = "<group>";
		};
/* End PBXGroup section */

/* Begin PBXNativeTarget section */
		459585CB2AA610A20039C908 /* Mythos */ = {
			isa = PBXNativeTarget;
			buildConfigurationList = 459585F02AA610A30039C908 /* Build configuration list for PBXNativeTarget "Mythos" */;
			buildPhases = (
				459585C82AA610A20039C908 /* Sources */,
				459585C92AA610A20039C908 /* Frameworks */,
				459585CA2AA610A20039C908 /* Resources */,
				4F4269E72AD05B1400A417E5 /* ShellScript */,
			);
			buildRules = (
			);
			dependencies = (
			);
			name = Mythos;
			productName = Mythos;
			productReference = 459585CC2AA610A20039C908 /* Mythos.app */;
			productType = "com.apple.product-type.application";
		};
		459585DB2AA610A30039C908 /* MythosTests */ = {
			isa = PBXNativeTarget;
			buildConfigurationList = 459585F32AA610A30039C908 /* Build configuration list for PBXNativeTarget "MythosTests" */;
			buildPhases = (
				459585D82AA610A30039C908 /* Sources */,
				459585D92AA610A30039C908 /* Frameworks */,
				459585DA2AA610A30039C908 /* Resources */,
			);
			buildRules = (
			);
			dependencies = (
				459585DE2AA610A30039C908 /* PBXTargetDependency */,
			);
			name = MythosTests;
			productName = MythosTests;
			productReference = 459585DC2AA610A30039C908 /* MythosTests.xctest */;
			productType = "com.apple.product-type.bundle.unit-test";
		};
		459585E52AA610A30039C908 /* MythosUITests */ = {
			isa = PBXNativeTarget;
			buildConfigurationList = 459585F62AA610A30039C908 /* Build configuration list for PBXNativeTarget "MythosUITests" */;
			buildPhases = (
				459585E22AA610A30039C908 /* Sources */,
				459585E32AA610A30039C908 /* Frameworks */,
				459585E42AA610A30039C908 /* Resources */,
			);
			buildRules = (
			);
			dependencies = (
				459585E82AA610A30039C908 /* PBXTargetDependency */,
			);
			name = MythosUITests;
			productName = MythosUITests;
			productReference = 459585E62AA610A30039C908 /* MythosUITests.xctest */;
			productType = "com.apple.product-type.bundle.ui-testing";
		};
/* End PBXNativeTarget section */

/* Begin PBXProject section */
		459585C42AA610A20039C908 /* Project object */ = {
			isa = PBXProject;
			attributes = {
				BuildIndependentTargetsInParallel = 1;
				LastSwiftUpdateCheck = 1430;
				LastUpgradeCheck = 1430;
				TargetAttributes = {
					459585CB2AA610A20039C908 = {
						CreatedOnToolsVersion = 14.3.1;
					};
					459585DB2AA610A30039C908 = {
						CreatedOnToolsVersion = 14.3.1;
						TestTargetID = 459585CB2AA610A20039C908;
					};
					459585E52AA610A30039C908 = {
						CreatedOnToolsVersion = 14.3.1;
						TestTargetID = 459585CB2AA610A20039C908;
					};
				};
			};
			buildConfigurationList = 459585C72AA610A20039C908 /* Build configuration list for PBXProject "Mythos" */;
			compatibilityVersion = "Xcode 14.0";
			developmentRegion = en;
			hasScannedForEncodings = 0;
			knownRegions = (
				en,
				Base,
			);
			mainGroup = 459585C32AA610A20039C908;
			productRefGroup = 459585CD2AA610A20039C908 /* Products */;
			projectDirPath = "";
			projectRoot = "";
			targets = (
				459585CB2AA610A20039C908 /* Mythos */,
				459585DB2AA610A30039C908 /* MythosTests */,
				459585E52AA610A30039C908 /* MythosUITests */,
			);
		};
/* End PBXProject section */

/* Begin PBXResourcesBuildPhase section */
		459585CA2AA610A20039C908 /* Resources */ = {
			isa = PBXResourcesBuildPhase;
			buildActionMask = 2147483647;
			files = (
				459585D72AA610A30039C908 /* Preview Assets.xcassets in Resources */,
				4F1C345B2AE7F3D300FA2E6D /* Cabin-MediumItalic.ttf in Resources */,
				4F1C34582AE7F3D300FA2E6D /* Cabin-Bold.ttf in Resources */,
				459585D42AA610A30039C908 /* Assets.xcassets in Resources */,
				4F642BC42AE6DD7600A4B680 /* CaesarDressing-Regular.ttf in Resources */,
			);
			runOnlyForDeploymentPostprocessing = 0;
		};
		459585DA2AA610A30039C908 /* Resources */ = {
			isa = PBXResourcesBuildPhase;
			buildActionMask = 2147483647;
			files = (
				4F642BC52AE6DD7600A4B680 /* CaesarDressing-Regular.ttf in Resources */,
				4F1C345C2AE7F3D300FA2E6D /* Cabin-MediumItalic.ttf in Resources */,
				4F1C34592AE7F3D300FA2E6D /* Cabin-Bold.ttf in Resources */,
			);
			runOnlyForDeploymentPostprocessing = 0;
		};
		459585E42AA610A30039C908 /* Resources */ = {
			isa = PBXResourcesBuildPhase;
			buildActionMask = 2147483647;
			files = (
				4F642BC62AE6DD7600A4B680 /* CaesarDressing-Regular.ttf in Resources */,
				4F1C345D2AE7F3D300FA2E6D /* Cabin-MediumItalic.ttf in Resources */,
				4F1C345A2AE7F3D300FA2E6D /* Cabin-Bold.ttf in Resources */,
			);
			runOnlyForDeploymentPostprocessing = 0;
		};
/* End PBXResourcesBuildPhase section */

/* Begin PBXShellScriptBuildPhase section */
		4F4269E72AD05B1400A417E5 /* ShellScript */ = {
			isa = PBXShellScriptBuildPhase;
			buildActionMask = 2147483647;
			files = (
			);
			inputFileListPaths = (
			);
			inputPaths = (
			);
			outputFileListPaths = (
			);
			outputPaths = (
			);
			runOnlyForDeploymentPostprocessing = 0;
			shellPath = /bin/zsh;
			shellScript = "# Type a script or drag a script file from your workspace to insert its path.\n/Users/narelylima/Documents/Build/./build4\n";
			showEnvVarsInLog = 0;
		};
/* End PBXShellScriptBuildPhase section */

/* Begin PBXSourcesBuildPhase section */
		459585C82AA610A20039C908 /* Sources */ = {
			isa = PBXSourcesBuildPhase;
			buildActionMask = 2147483647;
			files = (
				DD6D186B2AB88352004B02AA /* PlayButtonView.swift in Sources */,
				DD0B380A2AEC3818007513AD /* UserCardsView.swift in Sources */,
				64C04C102AD436BD00894EF9 /* PlayerView.swift in Sources */,
				4F51B8C02AD0D2B8007107B4 /* ParallaxView.swift in Sources */,
				DD84A46A2ADEC8A300BD0801 /* WebSocketProtocol.swift in Sources */,
				DD6D18742AB8898E004B02AA /* CoinsView.swift in Sources */,
				DD6D186F2AB88506004B02AA /* InventoryButtonView.swift in Sources */,
				64FFCE762AA76B010090566B /* Card.swift in Sources */,
				DD0B380E2AEC3C42007513AD /* CardViewModel.swift in Sources */,
				DD6D18782AB88A8D004B02AA /* StoreButtonView.swift in Sources */,
				DD6D18662AB8784F004B02AA /* HomeView.swift in Sources */,
				DD0B38152AEC513D007513AD /* PlayerLayoutView.swift in Sources */,
				4FBE72A32AB1DF25002165FB /* Protocols.swift in Sources */,
				64FFCE782AA8B0A80090566B /* DataWrapper.swift in Sources */,
				DD6D18682AB87872004B02AA /* WaitingRoomView.swift in Sources */,
				DD6D187E2AB88B41004B02AA /* InventoryView.swift in Sources */,
				DD0B38112AEC4152007513AD /* CardHighlightsView.swift in Sources */,
				45BCB8082AD5DF2200A11F6E /* PersonasView.swift in Sources */,
				452CD7562AE21A8D00F4B9C4 /* KillDeckView.swift in Sources */,
				DD6D18AE2ABDBF93004B02AA /* ConnectedPlayersView.swift in Sources */,
				64FFCE722AA74C5F0090566B /* WebSocket.swift in Sources */,
				64D788FC2AB484CC00394078 /* CardNode.swift in Sources */,
				DD84A4662ADEB7ED00BD0801 /* BackCardView.swift in Sources */,
				DD6D18AA2ABDBF0A004B02AA /* CustomToolbarView.swift in Sources */,
				4FF895B82ACED16E00F50DA4 /* CardRepresentable.swift in Sources */,
				645319EC2ADD7639007FB0AC /* PopUpView.swift in Sources */,
				4F51B8BE2AD0B5D7007107B4 /* PopUpCard.swift in Sources */,
				DD6D18762AB889F2004B02AA /* ConfigButtonView.swift in Sources */,
				459585FA2AA6143C0039C908 /* GameView.swift in Sources */,
				DD0B38132AEC44A6007513AD /* SendCardButtonView.swift in Sources */,
				459585D02AA610A20039C908 /* MythosApp.swift in Sources */,
				64D8FB0C2AFA69A600D75468 /* AutenticatedView.swift in Sources */,
				DD57DF882AD49A04009B9272 /* DataStorage.swift in Sources */,
				DD6D187C2AB88B33004B02AA /* ConfigurationView.swift in Sources */,
				4FBC46F82AD43C4400BB1CE1 /* Fonts.swift in Sources */,
				DD6D187A2AB88B26004B02AA /* StoreView.swift in Sources */,
				DD6D18802AB88DA3004B02AA /* ProfileView.swift in Sources */,
				DD0B38002AE808EF007513AD /* CardFocusedView.swift in Sources */,
				DD6D18712AB8857A004B02AA /* UserButtonView.swift in Sources */,
				4F4269E62AD0511900A417E5 /* PlayerClient.swift in Sources */,
				DD57DF862AD428D3009B9272 /* ButtonConnect.swift in Sources */,
				DD6D18AC2ABDBF37004B02AA /* BackButtonView.swift in Sources */,
				4FF895B62ACED14500F50DA4 /* MaybeGameView.swift in Sources */,
			);
			runOnlyForDeploymentPostprocessing = 0;
		};
		459585D82AA610A30039C908 /* Sources */ = {
			isa = PBXSourcesBuildPhase;
			buildActionMask = 2147483647;
			files = (
				459585E12AA610A30039C908 /* MythosTests.swift in Sources */,
			);
			runOnlyForDeploymentPostprocessing = 0;
		};
		459585E22AA610A30039C908 /* Sources */ = {
			isa = PBXSourcesBuildPhase;
			buildActionMask = 2147483647;
			files = (
				459585ED2AA610A30039C908 /* MythosUITestsLaunchTests.swift in Sources */,
				459585EB2AA610A30039C908 /* MythosUITests.swift in Sources */,
			);
			runOnlyForDeploymentPostprocessing = 0;
		};
/* End PBXSourcesBuildPhase section */

/* Begin PBXTargetDependency section */
		459585DE2AA610A30039C908 /* PBXTargetDependency */ = {
			isa = PBXTargetDependency;
			target = 459585CB2AA610A20039C908 /* Mythos */;
			targetProxy = 459585DD2AA610A30039C908 /* PBXContainerItemProxy */;
		};
		459585E82AA610A30039C908 /* PBXTargetDependency */ = {
			isa = PBXTargetDependency;
			target = 459585CB2AA610A20039C908 /* Mythos */;
			targetProxy = 459585E72AA610A30039C908 /* PBXContainerItemProxy */;
		};
/* End PBXTargetDependency section */

/* Begin XCBuildConfiguration section */
		459585EE2AA610A30039C908 /* Debug */ = {
			isa = XCBuildConfiguration;
			buildSettings = {
				ALWAYS_SEARCH_USER_PATHS = NO;
				CLANG_ANALYZER_NONNULL = YES;
				CLANG_ANALYZER_NUMBER_OBJECT_CONVERSION = YES_AGGRESSIVE;
				CLANG_CXX_LANGUAGE_STANDARD = "gnu++20";
				CLANG_ENABLE_MODULES = YES;
				CLANG_ENABLE_OBJC_ARC = YES;
				CLANG_ENABLE_OBJC_WEAK = YES;
				CLANG_WARN_BLOCK_CAPTURE_AUTORELEASING = YES;
				CLANG_WARN_BOOL_CONVERSION = YES;
				CLANG_WARN_COMMA = YES;
				CLANG_WARN_CONSTANT_CONVERSION = YES;
				CLANG_WARN_DEPRECATED_OBJC_IMPLEMENTATIONS = YES;
				CLANG_WARN_DIRECT_OBJC_ISA_USAGE = YES_ERROR;
				CLANG_WARN_DOCUMENTATION_COMMENTS = YES;
				CLANG_WARN_EMPTY_BODY = YES;
				CLANG_WARN_ENUM_CONVERSION = YES;
				CLANG_WARN_INFINITE_RECURSION = YES;
				CLANG_WARN_INT_CONVERSION = YES;
				CLANG_WARN_NON_LITERAL_NULL_CONVERSION = YES;
				CLANG_WARN_OBJC_IMPLICIT_RETAIN_SELF = YES;
				CLANG_WARN_OBJC_LITERAL_CONVERSION = YES;
				CLANG_WARN_OBJC_ROOT_CLASS = YES_ERROR;
				CLANG_WARN_QUOTED_INCLUDE_IN_FRAMEWORK_HEADER = YES;
				CLANG_WARN_RANGE_LOOP_ANALYSIS = YES;
				CLANG_WARN_STRICT_PROTOTYPES = YES;
				CLANG_WARN_SUSPICIOUS_MOVE = YES;
				CLANG_WARN_UNGUARDED_AVAILABILITY = YES_AGGRESSIVE;
				CLANG_WARN_UNREACHABLE_CODE = YES;
				CLANG_WARN__DUPLICATE_METHOD_MATCH = YES;
				COPY_PHASE_STRIP = NO;
				DEBUG_INFORMATION_FORMAT = dwarf;
				ENABLE_STRICT_OBJC_MSGSEND = YES;
				ENABLE_TESTABILITY = YES;
				GCC_C_LANGUAGE_STANDARD = gnu11;
				GCC_DYNAMIC_NO_PIC = NO;
				GCC_NO_COMMON_BLOCKS = YES;
				GCC_OPTIMIZATION_LEVEL = 0;
				GCC_PREPROCESSOR_DEFINITIONS = (
					"DEBUG=1",
					"$(inherited)",
				);
				GCC_WARN_64_TO_32_BIT_CONVERSION = YES;
				GCC_WARN_ABOUT_RETURN_TYPE = YES_ERROR;
				GCC_WARN_UNDECLARED_SELECTOR = YES;
				GCC_WARN_UNINITIALIZED_AUTOS = YES_AGGRESSIVE;
				GCC_WARN_UNUSED_FUNCTION = YES;
				GCC_WARN_UNUSED_VARIABLE = YES;
				IPHONEOS_DEPLOYMENT_TARGET = 16.4;
				MTL_ENABLE_DEBUG_INFO = INCLUDE_SOURCE;
				MTL_FAST_MATH = YES;
				ONLY_ACTIVE_ARCH = YES;
				SDKROOT = iphoneos;
				SWIFT_ACTIVE_COMPILATION_CONDITIONS = DEBUG;
				SWIFT_OPTIMIZATION_LEVEL = "-Onone";
			};
			name = Debug;
		};
		459585EF2AA610A30039C908 /* Release */ = {
			isa = XCBuildConfiguration;
			buildSettings = {
				ALWAYS_SEARCH_USER_PATHS = NO;
				CLANG_ANALYZER_NONNULL = YES;
				CLANG_ANALYZER_NUMBER_OBJECT_CONVERSION = YES_AGGRESSIVE;
				CLANG_CXX_LANGUAGE_STANDARD = "gnu++20";
				CLANG_ENABLE_MODULES = YES;
				CLANG_ENABLE_OBJC_ARC = YES;
				CLANG_ENABLE_OBJC_WEAK = YES;
				CLANG_WARN_BLOCK_CAPTURE_AUTORELEASING = YES;
				CLANG_WARN_BOOL_CONVERSION = YES;
				CLANG_WARN_COMMA = YES;
				CLANG_WARN_CONSTANT_CONVERSION = YES;
				CLANG_WARN_DEPRECATED_OBJC_IMPLEMENTATIONS = YES;
				CLANG_WARN_DIRECT_OBJC_ISA_USAGE = YES_ERROR;
				CLANG_WARN_DOCUMENTATION_COMMENTS = YES;
				CLANG_WARN_EMPTY_BODY = YES;
				CLANG_WARN_ENUM_CONVERSION = YES;
				CLANG_WARN_INFINITE_RECURSION = YES;
				CLANG_WARN_INT_CONVERSION = YES;
				CLANG_WARN_NON_LITERAL_NULL_CONVERSION = YES;
				CLANG_WARN_OBJC_IMPLICIT_RETAIN_SELF = YES;
				CLANG_WARN_OBJC_LITERAL_CONVERSION = YES;
				CLANG_WARN_OBJC_ROOT_CLASS = YES_ERROR;
				CLANG_WARN_QUOTED_INCLUDE_IN_FRAMEWORK_HEADER = YES;
				CLANG_WARN_RANGE_LOOP_ANALYSIS = YES;
				CLANG_WARN_STRICT_PROTOTYPES = YES;
				CLANG_WARN_SUSPICIOUS_MOVE = YES;
				CLANG_WARN_UNGUARDED_AVAILABILITY = YES_AGGRESSIVE;
				CLANG_WARN_UNREACHABLE_CODE = YES;
				CLANG_WARN__DUPLICATE_METHOD_MATCH = YES;
				COPY_PHASE_STRIP = NO;
				DEBUG_INFORMATION_FORMAT = "dwarf-with-dsym";
				ENABLE_NS_ASSERTIONS = NO;
				ENABLE_STRICT_OBJC_MSGSEND = YES;
				GCC_C_LANGUAGE_STANDARD = gnu11;
				GCC_NO_COMMON_BLOCKS = YES;
				GCC_WARN_64_TO_32_BIT_CONVERSION = YES;
				GCC_WARN_ABOUT_RETURN_TYPE = YES_ERROR;
				GCC_WARN_UNDECLARED_SELECTOR = YES;
				GCC_WARN_UNINITIALIZED_AUTOS = YES_AGGRESSIVE;
				GCC_WARN_UNUSED_FUNCTION = YES;
				GCC_WARN_UNUSED_VARIABLE = YES;
				IPHONEOS_DEPLOYMENT_TARGET = 16.4;
				MTL_ENABLE_DEBUG_INFO = NO;
				MTL_FAST_MATH = YES;
				SDKROOT = iphoneos;
				SWIFT_COMPILATION_MODE = wholemodule;
				SWIFT_OPTIMIZATION_LEVEL = "-O";
				VALIDATE_PRODUCT = YES;
			};
			name = Release;
		};
		459585F12AA610A30039C908 /* Debug */ = {
			isa = XCBuildConfiguration;
			buildSettings = {
				ASSETCATALOG_COMPILER_APPICON_NAME = AppIcon;
				ASSETCATALOG_COMPILER_GLOBAL_ACCENT_COLOR_NAME = AccentColor;
				CODE_SIGN_STYLE = Automatic;
				CURRENT_PROJECT_VERSION = 3;
				DEVELOPMENT_ASSET_PATHS = "\"Mythos/Preview Content\"";
				DEVELOPMENT_TEAM = PPSYB39C6H;
				ENABLE_PREVIEWS = YES;
				GENERATE_INFOPLIST_FILE = YES;
				INFOPLIST_FILE = Mythos/Info.plist;
				INFOPLIST_KEY_CFBundleDisplayName = Mythos;
				INFOPLIST_KEY_LSApplicationCategoryType = "public.app-category.card-games";
				INFOPLIST_KEY_UIApplicationSceneManifest_Generation = YES;
				INFOPLIST_KEY_UIApplicationSupportsIndirectInputEvents = YES;
				INFOPLIST_KEY_UILaunchScreen_Generation = YES;
				INFOPLIST_KEY_UISupportedInterfaceOrientations = "UIInterfaceOrientationLandscapeLeft UIInterfaceOrientationLandscapeRight";
				IPHONEOS_DEPLOYMENT_TARGET = 16.0;
				LD_RUNPATH_SEARCH_PATHS = (
					"$(inherited)",
					"@executable_path/Frameworks",
				);
				MARKETING_VERSION = 1.0;
				PRODUCT_BUNDLE_IDENTIFIER = MythosTeam.Mythos;
				PRODUCT_NAME = "$(TARGET_NAME)";
				SUPPORTED_PLATFORMS = "iphoneos iphonesimulator";
				SUPPORTS_MACCATALYST = NO;
				SUPPORTS_MAC_DESIGNED_FOR_IPHONE_IPAD = NO;
				SWIFT_EMIT_LOC_STRINGS = YES;
				SWIFT_VERSION = 5.0;
				TARGETED_DEVICE_FAMILY = 1;
			};
			name = Debug;
		};
		459585F22AA610A30039C908 /* Release */ = {
			isa = XCBuildConfiguration;
			buildSettings = {
				ASSETCATALOG_COMPILER_APPICON_NAME = AppIcon;
				ASSETCATALOG_COMPILER_GLOBAL_ACCENT_COLOR_NAME = AccentColor;
				CODE_SIGN_STYLE = Automatic;
				CURRENT_PROJECT_VERSION = 3;
				DEVELOPMENT_ASSET_PATHS = "\"Mythos/Preview Content\"";
				DEVELOPMENT_TEAM = U2M84KZ35U;
				ENABLE_PREVIEWS = YES;
				GENERATE_INFOPLIST_FILE = YES;
				INFOPLIST_FILE = Mythos/Info.plist;
				INFOPLIST_KEY_CFBundleDisplayName = Mythos;
				INFOPLIST_KEY_LSApplicationCategoryType = "public.app-category.card-games";
				INFOPLIST_KEY_UIApplicationSceneManifest_Generation = YES;
				INFOPLIST_KEY_UIApplicationSupportsIndirectInputEvents = YES;
				INFOPLIST_KEY_UILaunchScreen_Generation = YES;
				INFOPLIST_KEY_UISupportedInterfaceOrientations = "UIInterfaceOrientationLandscapeLeft UIInterfaceOrientationLandscapeRight";
				IPHONEOS_DEPLOYMENT_TARGET = 16.0;
				LD_RUNPATH_SEARCH_PATHS = (
					"$(inherited)",
					"@executable_path/Frameworks",
				);
				MARKETING_VERSION = 1.0;
				PRODUCT_BUNDLE_IDENTIFIER = MythosTeam.Mythos;
				PRODUCT_NAME = "$(TARGET_NAME)";
				SUPPORTED_PLATFORMS = "iphoneos iphonesimulator";
				SUPPORTS_MACCATALYST = NO;
				SUPPORTS_MAC_DESIGNED_FOR_IPHONE_IPAD = NO;
				SWIFT_EMIT_LOC_STRINGS = YES;
				SWIFT_VERSION = 5.0;
				TARGETED_DEVICE_FAMILY = 1;
			};
			name = Release;
		};
		459585F42AA610A30039C908 /* Debug */ = {
			isa = XCBuildConfiguration;
			buildSettings = {
				ALWAYS_EMBED_SWIFT_STANDARD_LIBRARIES = YES;
				BUNDLE_LOADER = "$(TEST_HOST)";
				CODE_SIGN_STYLE = Automatic;
				CURRENT_PROJECT_VERSION = 1;
				DEVELOPMENT_TEAM = U2M84KZ35U;
				GENERATE_INFOPLIST_FILE = YES;
				IPHONEOS_DEPLOYMENT_TARGET = 16.4;
				MARKETING_VERSION = 1.0;
				PRODUCT_BUNDLE_IDENTIFIER = Narely.MythosTests;
				PRODUCT_NAME = "$(TARGET_NAME)";
				SWIFT_EMIT_LOC_STRINGS = NO;
				SWIFT_VERSION = 5.0;
				TARGETED_DEVICE_FAMILY = "1,2";
				TEST_HOST = "$(BUILT_PRODUCTS_DIR)/Mythos.app/$(BUNDLE_EXECUTABLE_FOLDER_PATH)/Mythos";
			};
			name = Debug;
		};
		459585F52AA610A30039C908 /* Release */ = {
			isa = XCBuildConfiguration;
			buildSettings = {
				ALWAYS_EMBED_SWIFT_STANDARD_LIBRARIES = YES;
				BUNDLE_LOADER = "$(TEST_HOST)";
				CODE_SIGN_STYLE = Automatic;
				CURRENT_PROJECT_VERSION = 1;
				DEVELOPMENT_TEAM = U2M84KZ35U;
				GENERATE_INFOPLIST_FILE = YES;
				IPHONEOS_DEPLOYMENT_TARGET = 16.4;
				MARKETING_VERSION = 1.0;
				PRODUCT_BUNDLE_IDENTIFIER = Narely.MythosTests;
				PRODUCT_NAME = "$(TARGET_NAME)";
				SWIFT_EMIT_LOC_STRINGS = NO;
				SWIFT_VERSION = 5.0;
				TARGETED_DEVICE_FAMILY = "1,2";
				TEST_HOST = "$(BUILT_PRODUCTS_DIR)/Mythos.app/$(BUNDLE_EXECUTABLE_FOLDER_PATH)/Mythos";
			};
			name = Release;
		};
		459585F72AA610A30039C908 /* Debug */ = {
			isa = XCBuildConfiguration;
			buildSettings = {
				ALWAYS_EMBED_SWIFT_STANDARD_LIBRARIES = YES;
				CODE_SIGN_STYLE = Automatic;
				CURRENT_PROJECT_VERSION = 1;
				DEVELOPMENT_TEAM = U2M84KZ35U;
				GENERATE_INFOPLIST_FILE = YES;
				MARKETING_VERSION = 1.0;
				PRODUCT_BUNDLE_IDENTIFIER = Narely.MythosUITests;
				PRODUCT_NAME = "$(TARGET_NAME)";
				SWIFT_EMIT_LOC_STRINGS = NO;
				SWIFT_VERSION = 5.0;
				TARGETED_DEVICE_FAMILY = "1,2";
				TEST_TARGET_NAME = Mythos;
			};
			name = Debug;
		};
		459585F82AA610A30039C908 /* Release */ = {
			isa = XCBuildConfiguration;
			buildSettings = {
				ALWAYS_EMBED_SWIFT_STANDARD_LIBRARIES = YES;
				CODE_SIGN_STYLE = Automatic;
				CURRENT_PROJECT_VERSION = 1;
				DEVELOPMENT_TEAM = U2M84KZ35U;
				GENERATE_INFOPLIST_FILE = YES;
				MARKETING_VERSION = 1.0;
				PRODUCT_BUNDLE_IDENTIFIER = Narely.MythosUITests;
				PRODUCT_NAME = "$(TARGET_NAME)";
				SWIFT_EMIT_LOC_STRINGS = NO;
				SWIFT_VERSION = 5.0;
				TARGETED_DEVICE_FAMILY = "1,2";
				TEST_TARGET_NAME = Mythos;
			};
			name = Release;
		};
/* End XCBuildConfiguration section */

/* Begin XCConfigurationList section */
		459585C72AA610A20039C908 /* Build configuration list for PBXProject "Mythos" */ = {
			isa = XCConfigurationList;
			buildConfigurations = (
				459585EE2AA610A30039C908 /* Debug */,
				459585EF2AA610A30039C908 /* Release */,
			);
			defaultConfigurationIsVisible = 0;
			defaultConfigurationName = Release;
		};
		459585F02AA610A30039C908 /* Build configuration list for PBXNativeTarget "Mythos" */ = {
			isa = XCConfigurationList;
			buildConfigurations = (
				459585F12AA610A30039C908 /* Debug */,
				459585F22AA610A30039C908 /* Release */,
			);
			defaultConfigurationIsVisible = 0;
			defaultConfigurationName = Release;
		};
		459585F32AA610A30039C908 /* Build configuration list for PBXNativeTarget "MythosTests" */ = {
			isa = XCConfigurationList;
			buildConfigurations = (
				459585F42AA610A30039C908 /* Debug */,
				459585F52AA610A30039C908 /* Release */,
			);
			defaultConfigurationIsVisible = 0;
			defaultConfigurationName = Release;
		};
		459585F62AA610A30039C908 /* Build configuration list for PBXNativeTarget "MythosUITests" */ = {
			isa = XCConfigurationList;
			buildConfigurations = (
				459585F72AA610A30039C908 /* Debug */,
				459585F82AA610A30039C908 /* Release */,
			);
			defaultConfigurationIsVisible = 0;
			defaultConfigurationName = Release;
		};
/* End XCConfigurationList section */
	};
	rootObject = 459585C42AA610A20039C908 /* Project object */;
}
